lockfileVersion: '9.0'

settings:
  autoInstallPeers: true
  excludeLinksFromLockfile: false

importers:

  .:
    dependencies:
      '@types/chrome':
        specifier: ^0.2.9
        version: 0.2.9
      '@types/jquery':
        specifier: ^4.0.1
        version: 4.0.1
      '@types/node':
        specifier: ^26.6.4
        version: 26.6.4
      '@types/ws':
        specifier: ^8.18.2
        version: 8.18.2
      cc-krypek-lib:
        specifier: github:krypciak/cc-krypek-lib
        version: https://codeload.github.com/krypciak/cc-krypek-lib/tar.gz/d2815336e27adf7849df981b5dd712cff313a8c1
      cc-variable-charge-time:
        specifier: github:krypciak/cc-variable-charge-time
        version: https://codeload.github.com/krypciak/cc-variable-charge-time/tar.gz/0beba4bf60ccf74b3931bad3a446534f131990c4
      ccmodmanager:
        specifier: github:CCDirectLink/CCModManager
        version: https://codeload.github.com/CCDirectLink/CCModManager/tar.gz/830c47de06e11401fcfd11ce7d0ff92a74504bb0
      crossnode:
        specifier: github:krypciak/crossnode
        version: https://codeload.github.com/krypciak/crossnode/tar.gz/66e16371b87c5b94efa73de31bb0c3fc198dc33e
      menu-ui-replacer:
        specifier: github:CCDirectLink/cc-menu-ui-replacement
        version: https://codeload.github.com/CCDirectLink/cc-menu-ui-replacement/tar.gz/5aa343e5781791e67ea3e1c5e9e0e206bf3ffc0d
      nax-ccuilib:
        specifier: github:krypciak/nax-ccuilib
        version: https://codeload.github.com/krypciak/nax-ccuilib/tar.gz/d5dec43beb3491d0a382aada6402d009f25be54e
      spdy:
        specifier: ^4.0.2
        version: 4.0.2
      ultimate-crosscode-typedefs:
        specifier: github:krypciak/ultimate-crosscode-typedefs
        version: https://codeload.github.com/krypciak/ultimate-crosscode-typedefs/tar.gz/30f0246b2949c554f2911d49e01c53195bcdc4ff
      ws:
        specifier: ^8.22.0
        version: 8.22.0
    devDependencies:
      '@types/bun':
        specifier: ^1.4.2
        version: 1.4.2
      bun:
        specifier: ^1.4.2
        version: 1.4.2
      cc-instanceinator:
        specifier: github:krypciak/cc-instanceinator
        version: https://codeload.github.com/krypciak/cc-instanceinator/tar.gz/05d40e6156b6962b9f26b87bd981c272666c4d74
      crosscode-web:
        specifier: github:krypciak/crosscode-web
        version: https://codeload.github.com/krypciak/crosscode-web/tar.gz/9bfa623f2c192d5f71363876fc5778631c07dabb
      esbuild:
        specifier: ^0.28.2
        version: 0.28.2
      fflate:
        specifier: ^0.8.3
        version: 0.8.3
      node:
        specifier: ^26.10.0
        version: 26.10.0
      oxfmt:
        specifier: ^0.60.0
        version: 0.60.0
      ts-binarifier:
        specifier: github:krypciak/ts-binarifier
        version: https://codeload.github.com/krypciak/ts-binarifier/tar.gz/2b8e3196e57f192d58e042d50cbb06ce15799741
      typescript:
        specifier: ^6.0.3
        version: 6.0.3

packages:

  '@esbuild/aix-ppc64@0.28.2':
    resolution: {integrity: sha512-XExcO+dvLKvVtNTibSTBej1NCAbaGhWn9Ww1ZPx80qsahhPFe/8jgWP0IchNe0F3HwkU7n8ejhH8bjonqht8mQ==}
    engines: {node: '>=18'}
    cpu: [ppc64]
    os: [aix]

  '@esbuild/android-arm64@0.28.2':
    resolution: {integrity: sha512-5YfKeeI8qWfBZIX+u2xZC3Zlb3Os/gLS2sbEKM+I4ZOcsWmHS2WLysCcQZDAFRslDUU5Oiq44gf6PYN1vGwG5A==}
    engines: {node: '>=18'}
    cpu: [arm64]
    os: [android]

  '@esbuild/android-arm@0.28.2':
    resolution: {integrity: sha512-kXXoiPVVGQcnIYGOeaovwOURpniDBpSq4A03qkQ+BMQqtGG6HYap3xne9C1O1yo4TR3qxlCX5IqqmX6fFo2Lqg==}
    engines: {node: '>=18'}
    cpu: [arm]
    os: [android]

  '@esbuild/android-x64@0.28.2':
    resolution: {integrity: sha512-O387ite7SzUyCcy3JQX4P4bLtEA7bLLkx+esve5JHnyYfNTxcVpXZo9jhdB0lTKN44gztELTdU7nS8Nr16Fs1Q==}
    engines: {node: '>=18'}
    cpu: [x64]
    os: [android]

  '@esbuild/darwin-arm64@0.28.2':
    resolution: {integrity: sha512-n4KqkOQrraxHJcgjM1RvwbigfQKIKJVpM7xp+KsxiyUSrRdIXnt73VhrPAx0fV44hgfmIVKjxMN9J1t5jySVkw==}
    engines: {node: '>=18'}
    cpu: [arm64]
    os: [darwin]

  '@esbuild/darwin-x64@0.28.2':
    resolution: {integrity: sha512-uq6suIWYP37qzGddBKPw5QEQPi6HiLGsO7UmkpfyaYNQ3D+rN6w6WfwH+nuqcGXWvawGwxOEroO4YGnFh95azw==}
    engines: {node: '>=18'}
    cpu: [x64]
    os: [darwin]

  '@esbuild/freebsd-arm64@0.28.2':
    resolution: {integrity: sha512-n+I0BTSRIoy+d6RPKnEVwql5UwBJolytvY4mAOIEJorKlqgPII8ix6slVVrfZ5Tnj7glIZvloylbB/EJPMWEXw==}
    engines: {node: '>=18'}
    cpu: [arm64]
    os: [freebsd]

  '@esbuild/freebsd-x64@0.28.2':
    resolution: {integrity: sha512-78XJTJkvPs0kz2w61301PJjXl4g7q3JqiYMZ/M/yVI73EHBrCRTgkhu9oqG7vPqq+a/yadEW8aD+agKlk5xrmg==}
    engines: {node: '>=18'}
    cpu: [x64]
    os: [freebsd]

  '@esbuild/linux-arm64@0.28.2':
    resolution: {integrity: sha512-pW4AC0P3it8c7do9MVM4p51FzHzdM/TZrerurgRcHJ2WTa1VQ1CIq18xncfpBJw4ojkiZZrKW2yIBWBP92j6Ug==}
    engines: {node: '>=18'}
    cpu: [arm64]
    os: [linux]

  '@esbuild/linux-arm@0.28.2':
    resolution: {integrity: sha512-XlDnu2q5yoqems+xay6wSAcg9DDD7K9RLKZEBOMZm3ckNpJBvOX20tSfby8KfrrhINDyv9V2YVZKY/SpoGJI8w==}
    engines: {node: '>=18'}
    cpu: [arm]
    os: [linux]

  '@esbuild/linux-ia32@0.28.2':
    resolution: {integrity: sha512-CYbnj78HsIeA+DhgUKgFCfvNsTHFhMMrinUrMZpDXJXKN8T3XViTZ/+wtHeVxEWY8ewSzTFN+nRmSwO2tZaLUQ==}
    engines: {node: '>=18'}
    cpu: [ia32]
    os: [linux]

  '@esbuild/linux-loong64@0.28.2':
    resolution: {integrity: sha512-buwkd8nsph4R+ajRvw0qM5Hja/TXQow3ptzWO2EbG/cqcIkHloRrdlBtQlshyYGTNFvfkfJ5tpPLVkY4DtsPfQ==}
    engines: {node: '>=18'}
    cpu: [loong64]
    os: [linux]

  '@esbuild/linux-mips64el@0.28.2':
    resolution: {integrity: sha512-ZVykbDyk7519VwiNb9Lcj9m8XM6v5V9uKPvrEMkkEedVewf+0itkhahp4HDpgERXhwLRpWFypsGbG/J8s0QjJA==}
    engines: {node: '>=18'}
    cpu: [mips64el]
    os: [linux]

  '@esbuild/linux-ppc64@0.28.2':
    resolution: {integrity: sha512-CAXl+Dtd9UUuJd8pKKdwh6MLm3MUMiqMPmhZ3tTSXPqfyQ3vDl6R5hZdZ/kYojK4ofXtdfSv1tFq8XzWx3heNQ==}
    engines: {node: '>=18'}
    cpu: [ppc64]
    os: [linux]

  '@esbuild/linux-riscv64@0.28.2':
    resolution: {integrity: sha512-GeXCej4IQtU1B+QlDV8W/RRvbzI3O/Stss+/bCXv4lZls5WGRtu2a+3JkA3i4qIUlMXpcHebWpF8AkJhATowuA==}
    engines: {node: '>=18'}
    cpu: [riscv64]
    os: [linux]

  '@esbuild/linux-s390x@0.28.2':
    resolution: {integrity: sha512-3H1weTYZPxt/WOhByszQZybS9w5lKzUn1FDMsgEChbHWQwHYQQRfBxgCcZvPhjHfKyJjIievvMmEUawJrdY9Dg==}
    engines: {node: '>=18'}
    cpu: [s390x]
    os: [linux]

  '@esbuild/linux-x64@0.28.2':
    resolution: {integrity: sha512-4xTZr1FUmSoQW4XIWmit3tzQrUTZM+N3P0XV8xROKYF50XfI7xeO90+1bZvNwxIufQ9hDQVRJH5YhgPVF8A/HQ==}
    engines: {node: '>=18'}
    cpu: [x64]
    os: [linux]

  '@esbuild/netbsd-arm64@0.28.2':
    resolution: {integrity: sha512-sSATRjPeDBg3pdgHoQfoYBob11Kk1FGa9lui5RIHZCoCkJa9QKlvl3/vKz2usCmYYjs7ymJR/2Nnsqe+Hjt5nw==}
    engines: {node: '>=18'}
    cpu: [arm64]
    os: [netbsd]

  '@esbuild/netbsd-x64@0.28.2':
    resolution: {integrity: sha512-lqnzCV+mM0gIADaKihiCg6ifgfU2L3h5E33rNQBN1Y4MaVGnzryzmvvf7UHxprpQdE8hpqLolJ9Rl+SkIRDpyw==}
    engines: {node: '>=18'}
    cpu: [x64]
    os: [netbsd]

  '@esbuild/openbsd-arm64@0.28.2':
    resolution: {integrity: sha512-AL2qJILH7lNjrDmCQDvdxMfAUIv8KMNZOvrwAQ8i8//ntL9FflhOyMJ8OZSMBb8/AWXe3/5v5S20y3zCoZWKoQ==}
    engines: {node: '>=18'}
    cpu: [arm64]
    os: [openbsd]

  '@esbuild/openbsd-x64@0.28.2':
    resolution: {integrity: sha512-QtiuPytchRyC4rwUKhexJdQKvDuZ6hWloi3igqPQNUJCS1/v9EiO3UTOXR6A3FoMo4fnAKbWJdqaIwhOzh8qEw==}
    engines: {node: '>=18'}
    cpu: [x64]
    os: [openbsd]

  '@esbuild/openharmony-arm64@0.28.2':
    resolution: {integrity: sha512-WkhYDmpTjLvGlScA1rwjRUmhl4k8oXR3cIbtqWmELgU/dFeHHlEllxDvdWcNJV9rbzCexB5vz8gtNewWLgCT7Q==}
    engines: {node: '>=18'}
    cpu: [arm64]
    os: [openharmony]

  '@esbuild/sunos-x64@0.28.2':
    resolution: {integrity: sha512-GPMSkTOtMnv2U2F8gxe4Io6qmVs+YKyp832Etqqxr0hFngmXQ3rzwytelm3GIn7T4VviRUlf3sOgBOiTdvaf7g==}
    engines: {node: '>=18'}
    cpu: [x64]
    os: [sunos]

  '@esbuild/win32-arm64@0.28.2':
    resolution: {integrity: sha512-PIhhEkE9uPBleRBrQEJpUn7MBnibZzbGzYWPmY3x+YoVg/95zbjB4CxPPOQ8l5tYYM4mMaCthF8/1DIfBQQyWQ==}
    engines: {node: '>=18'}
    cpu: [arm64]
    os: [win32]

  '@esbuild/win32-ia32@0.28.2':
    resolution: {integrity: sha512-YmJbfTlvU7Sdn9BB+4PRES4oB6pxgS37MAONj+hBr/cpXS1aBPKXxNnDbu+QCWPj0o9dgyxeq79g6c5P8KeuYA==}
    engines: {node: '>=18'}
    cpu: [ia32]
    os: [win32]

  '@esbuild/win32-x64@0.28.2':
    resolution: {integrity: sha512-5ebpxr3nWMzrL/rnUI755Jkuee0bHL/Gq0WTF9lvcpv73wAp5eu8MfBUgWK9bhWvZjj7yX8etf/8tI8Ney695g==}
    engines: {node: '>=18'}
    cpu: [x64]
    os: [win32]

  '@jspm/core@2.1.0':
    resolution: {integrity: sha512-3sRl+pkyFY/kLmHl0cgHiFp2xEqErA8N3ECjMs7serSUBmoJ70lBa0PG5t0IM6WJgdZNyyI0R8YFfi5wM8+mzg==}

  '@kwsites/file-exists@1.1.1':
    resolution: {integrity: sha512-m9/5YGR18lIwxSFDwfE3oA7bWuq9kdau6ugN4H2rJeyhFQZcG9AgSHkQtSD15a8WvTgfz9aikZMrKPHvbpqFiw==}

  '@kwsites/promise-deferred@1.1.1':
    resolution: {integrity: sha512-GaHYm+c0O9MjZRu0ongGBRbinu8gVAMd2UZjji6jVmqKtZluZnptXGWhz1E8j8D2HJ3f/yMxKAUC0b+57wncIw==}

  '@oven/bun-darwin-aarch64@1.4.2':
    resolution: {integrity: sha512-MXdZkP1featqxZ+/VTXWG1BVjM4OGBehVY2Q88EeUj/7L0UMeCGItmyPYTN+wxvlGJ6F66JEtzsw+GvQWewnag==}
    cpu: [arm64]
    os: [darwin]

  '@oven/bun-darwin-x64@1.4.2':
    resolution: {integrity: sha512-gZTxZuLjkUhAWjTETu3tw0WhsEdNkJ64daj60ybhPf835a2yollV3yTkK9JozvzKPx4TRFzLSl8C+U525pxVbw==}
    cpu: [x64]
    os: [darwin]

  '@oven/bun-freebsd-aarch64@1.4.2':
    resolution: {integrity: sha512-SMNItMw1Z8QeeQVKnw8jA7xQNkeXdP+OPgin4Wi/QTx/B8RHHLnuZfqmFy7NtVeT2NF0kKYppW4WWd2CCYZjhQ==}
    cpu: [arm64]
    os: [freebsd]

  '@oven/bun-freebsd-x64@1.4.2':
    resolution: {integrity: sha512-THbPKXhO54N0DpFRKZNDZpQ7dpbX0bWASuARckAUS9wRtFIHsiY+uULXJvxJGo2YD1YewvXQ4G8Fj7XT5oBCiw==}
    cpu: [x64]
    os: [freebsd]

  '@oven/bun-linux-aarch64-android@1.4.2':
    resolution: {integrity: sha512-3mZKO2rhsNgbAUtAHC1UKUlF2zTxFraDZT/Elv8wzyH0fJL9h+Iv3TgB9lO63w89PRn3eFe+NRA1bhVgikKNPQ==}
    cpu: [arm64]
    os: [android]

  '@oven/bun-linux-aarch64-musl@1.4.2':
    resolution: {integrity: sha512-+Sm6y+lSiSFBOtXmnekp5Q6n1tUKlyv71FCPWBc61Cgb14T5eBs8SN/nh4MUCOKzONkI3O+as3MGUgikS4aCBQ==}
    cpu: [arm64]
    os: [linux]
    libc: [musl]

  '@oven/bun-linux-aarch64@1.4.2':
    resolution: {integrity: sha512-3BBP9ovJ2RGHFH6Ae1CAtxNtG1+YY6GD6rmYbsUosoAk9+OEl6zeDQ/k4fBkc6dYOJCtWnx8hUxzNzQATSmvYQ==}
    cpu: [arm64]
    os: [linux]
    libc: [glibc]

  '@oven/bun-linux-x64-android@1.4.2':
    resolution: {integrity: sha512-6HC5tzcC79113n2IHCTJMWv+HsQImv4ZFEK2XpYLxY6HbT8tM4cUM2Zv1bHZBQsS3jv/zYBamDJ1UX7If0d5tw==}
    cpu: [x64]
    os: [android]

  '@oven/bun-linux-x64-musl@1.4.2':
    resolution: {integrity: sha512-vVTKUg1bnPhRP/Hp73jIVoFh2vPFNYEqYX0ERKfZBOQEEHitNAeukZzzuUDZS0SoDCIpuWUGSpd/CDMbjdR+Uw==}
    cpu: [x64]
    os: [linux]
    libc: [musl]

  '@oven/bun-linux-x64@1.4.2':
    resolution: {integrity: sha512-9/E/UXOTpSo3YsV5g+FhtTd/qTpiWoKuxS12cqtuYA1ssu9fRAoPQnipFgGyck3tWO63iUdxBiygq+kELFawng==}
    cpu: [x64]
    os: [linux]
    libc: [glibc]

  '@oven/bun-windows-aarch64@1.4.2':
    resolution: {integrity: sha512-8EJ1ST7339WJE3poPW5nBgVW/lWf9HBz4W27ZUNhburKmcBLOByPyE6DP9fHD8FQGm5c+ilUN2hX1mrW0jxq9Q==}
    cpu: [arm64]
    os: [win32]

  '@oven/bun-windows-x64@1.4.2':
    resolution: {integrity: sha512-+bN6OuVld/9diT/RLSXSW7JE6CvNE3gL9XsAEjULi1nUsXd6DNO6GuA9jNdNb3r8PdJFnYHr5aypNV1Oj3Rd9g==}
    cpu: [x64]
    os: [win32]

  '@oxfmt/binding-android-arm-eabi@0.60.0':
    resolution: {integrity: sha512-1q4q4Jc8FlOMVojEisyFAVyl8h1yawNv6phjgmhGVEDeyeOdsSnSr9x0+D4mOnEKvpO5L4mxKZ/DP9X6U3A/Mw==}
    engines: {node: ^20.19.0 || >=22.12.0}
    cpu: [arm]
    os: [android]

  '@oxfmt/binding-android-arm64@0.60.0':
    resolution: {integrity: sha512-tD41I6nCt9k8SQXft0CSjjU9jg6SwG7uMu7PxodSEHXl+GDW0868oy6tTtoJkyUze8YKFgTpz/k5LuPUnFiGLw==}
    engines: {node: ^20.19.0 || >=22.12.0}
    cpu: [arm64]
    os: [android]

  '@oxfmt/binding-darwin-arm64@0.60.0':
    resolution: {integrity: sha512-TTpzPug96Zxdyb46KvTyIUQDdsqbumXh2TKG9C23PCT0kF7JkW56Z/quPuG9rqOFKQIi1gpRNZ7DX18LwxXPnw==}
    engines: {node: ^20.19.0 || >=22.12.0}
    cpu: [arm64]
    os: [darwin]

  '@oxfmt/binding-darwin-x64@0.60.0':
    resolution: {integrity: sha512-CnOoWgQ7L+JL/YQaRJ+NyATciSfcftncm7y3kqyte1cGtFEGnStaCd1TAyrinkfQ7nRBfHrTs1/vTwUJr3WF2Q==}
    engines: {node: ^20.19.0 || >=22.12.0}
    cpu: [x64]
    os: [darwin]

  '@oxfmt/binding-freebsd-x64@0.60.0':
    resolution: {integrity: sha512-ychJo7S3hZxdO6eDZ9zM6F2lM9fpJS3EKS5CAUSWyprdLYxTu4gbaUKV/VBPTcMJwQa2Bpo+643y3OJ537pihA==}
    engines: {node: ^20.19.0 || >=22.12.0}
    cpu: [x64]
    os: [freebsd]

  '@oxfmt/binding-linux-arm-gnueabihf@0.60.0':
    resolution: {integrity: sha512-36IH5o55T2Fx7E0feDttt+mifxN6yk9pWv4KfhAIsP0dFnUq27331OwbpOsZdoXF9soOLWm7mQUz5+UUmyec4g==}
    engines: {node: ^20.19.0 || >=22.12.0}
    cpu: [arm]
    os: [linux]

  '@oxfmt/binding-linux-arm-musleabihf@0.60.0':
    resolution: {integrity: sha512-G1Ve7lAa6sFBolVI2LWHfEAqy0YKh4vnioH8uYO9kAEdgM7mR40IksIx9/Zk4+vbYew/sGa4J9Q4tZ3n9gXDHA==}
    engines: {node: ^20.19.0 || >=22.12.0}
    cpu: [arm]
    os: [linux]

  '@oxfmt/binding-linux-arm64-gnu@0.60.0':
    resolution: {integrity: sha512-LTQdRBf6uzj/h7Xk6lKzbGD2hrF/fK4YI9LIN1c0509tPUn8wRa3mCmrFQpEWJPLYGFrLFFMTYW1Ljj6VqW2Hw==}
    engines: {node: ^20.19.0 || >=22.12.0}
    cpu: [arm64]
    os: [linux]
    libc: [glibc]

  '@oxfmt/binding-linux-arm64-musl@0.60.0':
    resolution: {integrity: sha512-2JMo3XPxMPx3hiqddSZYyaH+fKJm6cz0u8n1naYjP/CdOQOZW34i8lKBUfmbWiuFvd6KoYXLmhAyBuvojsYS7Q==}
    engines: {node: ^20.19.0 || >=22.12.0}
    cpu: [arm64]
    os: [linux]
    libc: [musl]

  '@oxfmt/binding-linux-ppc64-gnu@0.60.0':
    resolution: {integrity: sha512-L3C+nBD13lr306tr/PjM3RMll+BVqgFrIgUyoeHuai5oueJrRLgO3j+GO5/Cbhtkf5PSlHYTI1JY7iqBd1qa6A==}
    engines: {node: ^20.19.0 || >=22.12.0}
    cpu: [ppc64]
    os: [linux]
    libc: [glibc]

  '@oxfmt/binding-linux-riscv64-gnu@0.60.0':
    resolution: {integrity: sha512-M4MsmvqlxFiPtSRGyBYQSZxchEf463AOyd+Dh4/9xDpjWBsRtDUTDMFN5EdHinjVK1/eDJQ8MLpcYjpYayaCnA==}
    engines: {node: ^20.19.0 || >=22.12.0}
    cpu: [riscv64]
    os: [linux]
    libc: [glibc]

  '@oxfmt/binding-linux-riscv64-musl@0.60.0':
    resolution: {integrity: sha512-OH+9UskYuxRB+GxqdGkVN8f5UpwhqG8YscNo1wl8+KJ62cd7wZdGga6iGLJIf8kibF1WBwvlfDUx3cez/VXwFg==}
    engines: {node: ^20.19.0 || >=22.12.0}
    cpu: [riscv64]
    os: [linux]
    libc: [musl]

  '@oxfmt/binding-linux-s390x-gnu@0.60.0':
    resolution: {integrity: sha512-y7AAFutt9wFWBFOAn6+BHaV39usZmcr3YYH2385f+NHgPNpIF9HpqKp0jgUxPaUOCyG3oaX5VhJduL1Nw164rw==}
    engines: {node: ^20.19.0 || >=22.12.0}
    cpu: [s390x]
    os: [linux]
    libc: [glibc]

  '@oxfmt/binding-linux-x64-gnu@0.60.0':
    resolution: {integrity: sha512-yKZ9+CXAI+1RO5nH/4Z/9M6DAsfOzd5bw/gtWk81KB4mpalMaRRSXfouc5/tHxazDmBek55HNPepNYBgaCew0Q==}
    engines: {node: ^20.19.0 || >=22.12.0}
    cpu: [x64]
    os: [linux]
    libc: [glibc]

  '@oxfmt/binding-linux-x64-musl@0.60.0':
    resolution: {integrity: sha512-bCUGaF6hJOYnQzLJdHLZbvGsOd5oSvGAyJhPAKum2uyLYUuXmP8vqg690DWi2hqcnIoYpqSqCrjzE5aiUAgwQg==}
    engines: {node: ^20.19.0 || >=22.12.0}
    cpu: [x64]
    os: [linux]
    libc: [musl]

  '@oxfmt/binding-openharmony-arm64@0.60.0':
    resolution: {integrity: sha512-GrUeZOvzP30ExxfCuQiyofuUGI+OmvAgFwOO5w5p9mGPlxcyuqI+6Sy9fAKFFfLQrqKYWFgc5sYA2Unj/29nPg==}
    engines: {node: ^20.19.0 || >=22.12.0}
    cpu: [arm64]
    os: [openharmony]

  '@oxfmt/binding-win32-arm64-msvc@0.60.0':
    resolution: {integrity: sha512-WD4Q954kUl2TDJV/6q7UnE2rlKk047kXLJsr4bJ2mXRaAqNXcmV3nwKUsGCc3mz/jYDBnXtJEaBErJEybK8iQQ==}
    engines: {node: ^20.19.0 || >=22.12.0}
    cpu: [arm64]
    os: [win32]

  '@oxfmt/binding-win32-ia32-msvc@0.60.0':
    resolution: {integrity: sha512-HqDekjr8JXzVDUP1YthDZ1Y3CBEcuZT4WX3B+1kaxj8CvZA8Y2YhcEsXqoSop3tVsgjACxjnFQFDkBo0r/jq1Q==}
    engines: {node: ^20.19.0 || >=22.12.0}
    cpu: [ia32]
    os: [win32]

  '@oxfmt/binding-win32-x64-msvc@0.60.0':
    resolution: {integrity: sha512-tz78yhmGPKboTMHCHSaUqXK8JrmoSejgDcWeqAtg2s07ZGKQ3rH5Jn8NuXPGNG33CDbY2e9NoQWXIVEmKO21Rw==}
    engines: {node: ^20.19.0 || >=22.12.0}
    cpu: [x64]
    os: [win32]

  '@simple-git/args-pathspec@1.0.4':
    resolution: {integrity: sha512-EtMX6XjRWSastG2SdkmSQByPtJ9dx/NIjnHbpQPCYt62j4RmSx5rgLTGpw0YCjF5h191gZOmBfheOT23cRSFdw==}

  '@simple-git/argv-parser@2.0.1':
    resolution: {integrity: sha512-M++IaVWrN+vYalilOHfwvT2IL3wYZtVEBQpmX6DLSOJLtxbZ+SUeIDE3IiPogzhPACLajwtxfa5rp+ZX1FczzQ==}

  '@types/bun@1.4.2':
    resolution: {integrity: sha512-GimotNn7+ZV0uVArItBbriZsR1oNf0+WTzPkdcFrzShI7k2norL0uzEaJT8T33dWr7O/c9ZDuAFQrctKCi72oQ==}

  '@types/chrome@0.2.9':
    resolution: {integrity: sha512-6rXrDPkkWv4D2Q23HqT+iED4voODU5CpOSc2VFgKyecSFItuEsIBvz9CY6jUQ3dd+Q7zo1bnCE9pKRMtkYut5g==}

  '@types/filesystem@0.0.36':
    resolution: {integrity: sha512-vPDXOZuannb9FZdxgHnqSwAG/jvdGM8Wq+6N4D/d80z+D4HWH+bItqsZaVRQykAn6WEVeEkLm2oQigyHtgb0RA==}

  '@types/filewriter@0.0.33':
    resolution: {integrity: sha512-xFU8ZXTw4gd358lb2jw25nxY9QAgqn2+bKKjKOYfNCzN4DKCFetK7sPtrlpg66Ywe3vWY9FNxprZawAh9wfJ3g==}

  '@types/har-format@1.2.16':
    resolution: {integrity: sha512-fluxdy7ryD3MV6h8pTfTYpy/xQzCFC7m89nOH9y94cNqJ1mDIDPut7MnRHI3F6qRmh/cT2fUjG1MLdCNb4hE9A==}

  '@types/jquery@1.10.45':
    resolution: {integrity: sha512-JvoVtPbu1wrcOldn5gvuyJqr7DLX6I657N68Fqj5S7AUutdYZqabQjfP7dY6Gee7/Afo1uajwcORVlQfnsjkLQ==}

  '@types/jquery@4.0.1':
    resolution: {integrity: sha512-9a59A/tycXgYuPABcp6/3spSShn0NT2UOM4EfHvMumjYi4lJWTsK5SZWjhx3yRm9IHGCeWXdV2YfNsrWrft/CA==}

  '@types/node@25.9.9':
    resolution: {integrity: sha512-b4e2xxj/yMeT2hNlD6x7zNFiQK2Dlmkb9CQ6v3/1G2RezKN4YS2lcEv8lzGm1mhs4f2lM4yNAMI/zUDBZBBt7w==}

  '@types/node@26.6.4':
    resolution: {integrity: sha512-ldVPDCzj7fsaGZrLB0NuHuTvJcsNasysBAqMolr/cgxrLd1xbqxIr3XJiPnHHJUCxj5sNF1vnRj9aWnrVh5Jcg==}

  '@types/semver@6.2.7':
    resolution: {integrity: sha512-blctEWbzUFzQx799RZjzzIdBJOXmE37YYEyDtKkx5Dg+V7o/zyyAxLPiI98A2jdTtDgxZleMdfV+7p8WbRJ1OQ==}

  '@types/semver@7.8.0':
    resolution: {integrity: sha512-1mAINjtQCXXeLkJ9ehXkwOcBpqtLxiVtKhpUf83DdRNdQKV0iXZpaHYqRr7nj+wvxuJzoAmAwXI+sCNMv1CzLQ==}

  '@types/ws@8.18.2':
    resolution: {integrity: sha512-67MQl+fpWKVTT1NYdnmo3U4sc/xPo/zQBncVnI74qmQa0z/b+1g6iYqNmGCPbxO+zz2aklb08a0oHfegiVd0/w==}

  bun-types@1.4.2:
    resolution: {integrity: sha512-bxV1FgK7yBIzjRe5zBozIM4Bem11ZJcCXSrjWRG3YWLt8yFDePu4cLjpebO8OvPeIE9trbyPF4fuj3Cia4Fj3w==}

  bun@1.4.2:
    resolution: {integrity: sha512-TrSXo6HJfIEaczpb3kjX82I2pL47vK1QUNmHRCUdz9IzaOwa9lzOXSWwu2l18YHE3sNfGRapVLd4nNm+22vVVA==}
    cpu: [arm64, x64]
    os: [darwin, linux, android, freebsd, win32]
    hasBin: true

  cc-instanceinator@https://codeload.github.com/krypciak/cc-instanceinator/tar.gz/05d40e6156b6962b9f26b87bd981c272666c4d74:
    resolution: {gitHosted: true, integrity: sha512-Tv3da2p9aApk1QnaIDETyWqrN7ptGC6Ov3LBqbtfenfdHYHxF+1NeGYEpCwGaRHJBcuiWwRdEvz5yPP3d5exEw==, tarball: https://codeload.github.com/krypciak/cc-instanceinator/tar.gz/05d40e6156b6962b9f26b87bd981c272666c4d74}
    version: 1.1.7

  cc-krypek-lib@https://codeload.github.com/krypciak/cc-krypek-lib/tar.gz/d2815336e27adf7849df981b5dd712cff313a8c1:
    resolution: {gitHosted: true, integrity: sha512-SYbkFelmKFDBzmD0DnwCzijHJHdt23omvFTmg7XD0Ozbir6R7QfnVIjHXvoO4B8A2gcfYJ9Grrl2frkQuBGzgQ==, tarball: https://codeload.github.com/krypciak/cc-krypek-lib/tar.gz/d2815336e27adf7849df981b5dd712cff313a8c1}
    version: 1.4.0

  cc-map-screenshot@https://codeload.github.com/krypciak/cc-map-screenshot/tar.gz/ad4a18df7c8e1d4c6df2bbf3454dcefd04c5505d:
    resolution: {gitHosted: true, integrity: sha512-bg9k3HYtdoEWvvGmtjQexS4DeGWI6AMfQsBdwjE2Mwn0WEJdyRNGjl3Cu1ctNfm8+lepdNr9qieU/qLjdVZ8hg==, tarball: https://codeload.github.com/krypciak/cc-map-screenshot/tar.gz/ad4a18df7c8e1d4c6df2bbf3454dcefd04c5505d}
    version: 1.0.2

  cc-variable-charge-time@https://codeload.github.com/krypciak/cc-variable-charge-time/tar.gz/0beba4bf60ccf74b3931bad3a446534f131990c4:
    resolution: {gitHosted: true, integrity: sha512-HpeCrPA8VyoiPdbqhLVwI+QE4LRImz7LLZA9tiATNgmix2iJ0a2f9cCKLfaYxfxyvhz1Ek3Z6ka7dJ1DGyOZLQ==, tarball: https://codeload.github.com/krypciak/cc-variable-charge-time/tar.gz/0beba4bf60ccf74b3931bad3a446534f131990c4}
    version: 1.0.0

  ccmoddb@https://codeload.github.com/CCDirectLink/CCModDB/tar.gz/0a8802d2f60ac892b3da493fcd206a2daeec1c69:
    resolution: {gitHosted: true, integrity: sha512-YzNwniG2bm4L7PQ7uMbAHrggJFNV4NikbT8lEtrRFpkLMp5NfeQlKBP2PzedMpF/o9qyOA9nFbtSOMxg3QP5HA==, tarball: https://codeload.github.com/CCDirectLink/CCModDB/tar.gz/0a8802d2f60ac892b3da493fcd206a2daeec1c69}
    version: 1.0.0

  ccmodmanager@https://codeload.github.com/CCDirectLink/CCModManager/tar.gz/830c47de06e11401fcfd11ce7d0ff92a74504bb0:
    resolution: {gitHosted: true, integrity: sha512-f0ANdfurpm5fPIFOQdFAUXkzT5AXgfqyoAwEf97RoMiM6rgTAkzVBAGwYivDOG52wugTeLajZlXeHPmGYAq+aw==, tarball: https://codeload.github.com/CCDirectLink/CCModManager/tar.gz/830c47de06e11401fcfd11ce7d0ff92a74504bb0}
    version: 1.2.1

  core-js@3.50.0:
    resolution: {integrity: sha512-BRWgOLKkFeCgRudR6zrs8p9XJZcE14grzKMMssoYrk6krtuEZ7MTKPIY5RzOnqsEKIR9kst7wNzphttraT+Yqw==}

  core-util-is@1.0.3:
    resolution: {integrity: sha512-ZQBvi1DcpJ4GDqanjucZ2Hj3wEO5pZDS89BWbkcrvdxksJorwUDDZamX9ldFkp9aw2lmBDLgkObEA4DWNJ9FYQ==}

  crosscode-web@https://codeload.github.com/krypciak/crosscode-web/tar.gz/9bfa623f2c192d5f71363876fc5778631c07dabb:
    resolution: {gitHosted: true, integrity: sha512-wzOJAwZi3utnuCYuDacJEXiSOU2UVM1wESryc5tSv7j4gesthXXIGRdGBIMqL48Tb7KEiG/gf5t3EdKywL+i+A==, tarball: https://codeload.github.com/krypciak/crosscode-web/tar.gz/9bfa623f2c192d5f71363876fc5778631c07dabb}
    version: 0.8.0

  crossnode@https://codeload.github.com/krypciak/crossnode/tar.gz/66e16371b87c5b94efa73de31bb0c3fc198dc33e:
    resolution: {gitHosted: true, integrity: sha512-7L6/rt3JzDsp4h1M28W98pLG2z1iLWg5ZQb5WJNNrs03G8JJnFFUunNzT3e7NNSfcqTO8xv5HOb4MEP1c82RMw==, tarball: https://codeload.github.com/krypciak/crossnode/tar.gz/66e16371b87c5b94efa73de31bb0c3fc198dc33e}
    version: 1.0.0

  debug@4.4.3:
    resolution: {integrity: sha512-RGwwWnwQvkVfavKVt22FGLw+xYSdzARwm0ru6DhTVA3umU5hZc28V3kO4stgYryrTlLpuvgI9GiijltAjNbcqA==}
    engines: {node: '>=6.0'}
    peerDependencies:
      supports-color: '*'
    peerDependenciesMeta:
      supports-color:
        optional: true

  detect-node@2.1.0:
    resolution: {integrity: sha512-T0NIuQpnTvFDATNuHN5roPwSBG83rFsuO+MXXH9/3N1eFbn4wcPjttvjMLEPWJ0RGUYgQE7cGgS3tNxbqCGM7g==}

  esbuild@0.28.2:
    resolution: {integrity: sha512-HKVLS8dvII+xoKW9kmqxbRKrnWEXfJJr/FZhhJmiqIB0e053QNYFqOBouTMO/k5sID4MvCiUCvv8b9M4h32wIA==}
    engines: {node: '>=18'}
    hasBin: true

  fflate@0.8.3:
    resolution: {integrity: sha512-tbZNuJrLwGUp3zshBtdy4W+ORxZuIh8a5ilyIEQDC5rY1f3U20JMry0Ll3WBzU58EZKsEuJFXhb5gwv8CsPvgA==}

  handle-thing@2.0.1:
    resolution: {integrity: sha512-9Qn4yBxelxoh2Ow62nP+Ka/kMnOXRi8BXnRaUwezLNhqelnN49xKz4F/dPP8OYLxLxq6JDtZb2i9XznUQbNPTg==}

  hpack.js@2.1.6:
    resolution: {integrity: sha512-zJxVehUdMGIKsRaNt7apO2Gqp0BdqW5yaiGHXXmbpvxgBYVZnAql+BJb4RO5ad2MgpbZKn5G6nMnegrH1FcNYQ==}

  http-deceiver@1.2.7:
    resolution: {integrity: sha512-LmpOGxTfbpgtGVxJrj5k7asXHCgNZp5nLfp+hWc8QQRqtb7fUy6kRY3BO1h9ddF6yIPYUARgxGOwB42DnxIaNw==}

  inherits@2.0.4:
    resolution: {integrity: sha512-k/vGaX4/Yla3WzyMCvTQOXYeIHvqOKtnqBduzTHpzpQZzAskKMhZ2K+EnBiSM9zGSoIFeMpXKxa4dYeZIQqewQ==}

  isarray@1.0.0:
    resolution: {integrity: sha512-VLghIWNM6ELQzo7zwmcg0NmTVyWKYjvIeM83yjp0wRDTmUnrM678fQbcKBo6n2CJEF0szoG//ytg+TKla89ALQ==}

  js-fileexplorer@1.0.0:
    resolution: {integrity: sha512-VBWW9MAoNsLbc7+AKIapWXLCPTQUddvaoDmTfJwXpAW8XtA8jF26VsWP41DBSxlLpvj5QlCulGObaqgLhKfKVA==}

  menu-ui-replacer@https://codeload.github.com/CCDirectLink/cc-menu-ui-replacement/tar.gz/5aa343e5781791e67ea3e1c5e9e0e206bf3ffc0d:
    resolution: {gitHosted: true, integrity: sha512-Tf8IaNPj5lYdBh1uQDWudOE/5lP+73G6LC6ydDvnMlM+WVi1if4SZEAIiKD3bH5Px3MC5yxadpEqi8GSmC01Mw==, tarball: https://codeload.github.com/CCDirectLink/cc-menu-ui-replacement/tar.gz/5aa343e5781791e67ea3e1c5e9e0e206bf3ffc0d}
    version: 1.2.0

  minimalistic-assert@1.0.1:
    resolution: {integrity: sha512-UtJcAD4yEaGtjPezWuO9wC4nwUnVH/8/Im3yEHQP4b67cXlD/Qr9hdITCU1xDbSEXg2XKNaP8jsReV7vQd00/A==}

  ms@2.1.3:
    resolution: {integrity: sha512-6FlzubTLZG3J2a/NVCAleEhjzq5oxgHyaCU9yYXvcLsvoVaHJq/s5xXI6/XXP6tz7R9xAOtHnSO/tXtF3WRTlA==}

  nax-ccuilib@https://codeload.github.com/krypciak/nax-ccuilib/tar.gz/d5dec43beb3491d0a382aada6402d009f25be54e:
    resolution: {gitHosted: true, integrity: sha512-Hk29381qAKXEPR1dnaPp8UKmtvP01tu8L3JHo70dG23WhjEz3cuM05Gx93S6T4DpFhdqu7++o/5+dsWRRokHYg==, tarball: https://codeload.github.com/krypciak/nax-ccuilib/tar.gz/d5dec43beb3491d0a382aada6402d009f25be54e}
    version: 1.5.8

  node-bin-setup@1.1.4:
    resolution: {integrity: sha512-vWNHOne0ZUavArqPP5LJta50+S8R261Fr5SvGul37HbEDcowvLjwdvd0ZeSr0r2lTSrPxl6okq9QUw8BFGiAxA==}

  node@26.10.0:
    resolution: {integrity: sha512-iqvbVmkYIK5ioMlgjQim7A2MUTMqRgNrEDw6bRs0sIx2j7/R9dLC4358Eh5g8NOs4jSMtLCO+vl/+A0nO24sPA==}
    engines: {npm: '>=5.0.0'}
    hasBin: true

  obuf@1.1.2:
    resolution: {integrity: sha512-PX1wu0AmAdPqOL1mWhqmlOd8kOIZQwGZw6rh7uby9fTc5lhaOWFLX3I6R1hrF9k3zUY40e6igsLGkDXK92LJNg==}

  oxfmt@0.60.0:
    resolution: {integrity: sha512-fViX6i+gJuZWY+jI/fnR6WRbRj70GZ9RlCd30MygJrHTUNc4DxvKHWw8vBjMjffv3PgU5qWDR0AzmojQByqaZA==}
    engines: {node: ^20.19.0 || >=22.12.0}
    hasBin: true
    peerDependencies:
      svelte: ^5.0.0
      vite-plus: '*'
    peerDependenciesMeta:
      svelte:
        optional: true
      vite-plus:
        optional: true

  pend@1.2.0:
    resolution: {integrity: sha512-F3asv42UuXchdzt+xXqfW1OGlVBe+mxa2mqI0pg5yAHZPvFmY3Y6drSf/GQ1A86WgWEN9Kzh/WrgKa6iGcHXLg==}

  process-nextick-args@2.0.1:
    resolution: {integrity: sha512-3ouUOpQhtgrbOa17J7+uxOTpITYWaGP7/AhoR3+A+/1e9skrzelGi/dXzEYyvbxubEF6Wn2ypscTKiKJFFn1ag==}

  readable-stream@2.3.8:
    resolution: {integrity: sha512-8p0AUk4XODgIewSi0l8Epjs+EVnWiK7NoDIEGU0HhE7+ZyY8D1IMY7odu5lRrFXGg71L15KG8QrPmum45RTtdA==}

  readable-stream@3.6.2:
    resolution: {integrity: sha512-9u/sniCrY3D5WdsERHzHE4G2YCXqoG5FTHUiCC4SIbr6XcLZBY05ya9EKjYek9O5xOAwjGq+1JdGBAS7Q9ScoA==}
    engines: {node: '>= 6'}

  safe-buffer@5.1.2:
    resolution: {integrity: sha512-Gd2UZBJDkXlY7GbJxfsE8/nvKkUEU1G38c1siN6QP6a9PT9MmHB8GnpscSmMJSoF8LOIrt8ud/wPtojys4G6+g==}

  safe-buffer@5.2.1:
    resolution: {integrity: sha512-rp3So07KcdmmKbGvgaNxQSJr7bGVSVk5S9Eq1F+ppbRo70+YeaDxkw5Dd8NPN+GD6bjnYm2VuPuCXmpuYvmCXQ==}

  select-hose@2.0.0:
    resolution: {integrity: sha512-mEugaLK+YfkijB4fx0e6kImuJdCIt2LxCRcbEYPqRGCs4F2ogyfZU5IAZRdjCP8JPq2AtdNoC/Dux63d9Kiryg==}

  semver@7.8.5:
    resolution: {integrity: sha512-Y7/KDsb8LjooZpwaqGyulO6DQlksgCncchHGk+sZIY4SBvUocMBEFH5Ur1fI4dV+Jvl0w6cjvucaIi40puRioA==}
    engines: {node: '>=10'}
    hasBin: true

  simple-git@4.0.2:
    resolution: {integrity: sha512-l0sIsv9VrPwovKELFDBOj/lhmIcbMvxBk2B+hRhsMM4/VL3gKtuZvYnBNixVo+N/0HnqQx2cBdLvxnAbygHpqA==}

  spdy-transport@3.0.0:
    resolution: {integrity: sha512-hsLVFE5SjA6TCisWeJXFKniGGOpBgMLmerfO2aCyCU5s7nJ/rpAepqmFifv/GCbSbueEeAJJnmSQ2rKC/g8Fcw==}

  spdy@4.0.2:
    resolution: {integrity: sha512-r46gZQZQV+Kl9oItvl1JZZqJKGr+oEkB08A6BzkiR7593/7IbtuncXHd2YoYeTsG4157ZssMu9KYvUHLcjcDoA==}
    engines: {node: '>=6.0.0'}

  string_decoder@1.1.1:
    resolution: {integrity: sha512-n/ShnvDi6FHbbVfviro+WojiFzv+s8MPMHBczVePfUpDJLwoLT0ht1l4YwBCbi8pJAveEEdnkHyPyTP/mzRfwg==}

  string_decoder@1.3.0:
    resolution: {integrity: sha512-hkRX8U1WjJFd8LsDJ2yQ/wWWxaopEsABU1XfkM8A+j0+85JAGppt16cr1Whg6KIbb4okU6Mql6BOj+uup/wKeA==}

  tinypool@2.1.0:
    resolution: {integrity: sha512-Pugqs6M0m7Lv1I7FtxN4aoyToKg1C4tu+/381vH35y8oENM/Ai7f7C4StcoK4/+BSw9ebcS8jRiVrORFKCALLw==}
    engines: {node: ^20.0.0 || >=22.0.0}

  ts-binarifier@https://codeload.github.com/krypciak/ts-binarifier/tar.gz/2b8e3196e57f192d58e042d50cbb06ce15799741:
    resolution: {gitHosted: true, integrity: sha512-ecneTymSWy3Po81xwLd5CusqVn9WeI3UBNmqP/oJUwvbS6xvRw2U0DVKFz09kiUmfET9u9gTPJxGQbN5Ac38qw==, tarball: https://codeload.github.com/krypciak/ts-binarifier/tar.gz/2b8e3196e57f192d58e042d50cbb06ce15799741}
    version: 1.1.0

  typescript@6.0.3:
    resolution: {integrity: sha512-y2TvuxSZPDyQakkFRPZHKFm+KKVqIisdg9/CZwm9ftvKXLP8NRWj38/ODjNbr43SsoXqNuAisEf1GdCxqWcdBw==}
    engines: {node: '>=14.17'}
    hasBin: true

  ultimate-crosscode-typedefs@https://codeload.github.com/krypciak/ultimate-crosscode-typedefs/tar.gz/30f0246b2949c554f2911d49e01c53195bcdc4ff:
    resolution: {gitHosted: true, integrity: sha512-aEvNu8+v0p6g6Nhq4zsZeH3x6k9/zXRUzZkiD/HK7OkAL+MGsb5QmIvN46oplimFu3VebjuAi1xYqVjHvybZLw==, tarball: https://codeload.github.com/krypciak/ultimate-crosscode-typedefs/tar.gz/30f0246b2949c554f2911d49e01c53195bcdc4ff}
    version: 0.0.1
    engines: {node: '>=10.0.0'}

  undici-types@7.24.6:
    resolution: {integrity: sha512-WRNW+sJgj5OBN4/0JpHFqtqzhpbnV0GuB+OozA9gCL7a993SmU+1JBZCzLNxYsbMfIeDL+lTsphD5jN5N+n0zg==}

  undici-types@8.9.0:
    resolution: {integrity: sha512-KTDyRTYX8sWmKXAikPHHSyc63CRPETMctyjKFupcC6OBLXT3xsN0e9aF7m+mIXutFWpUXuedtowG7iLOzp0kQg==}

  util-deprecate@1.0.2:
    resolution: {integrity: sha512-EPD5q1uXyFxJpCrLnCc1nHnq3gOa6DZBocAIiI2TaSCA7VCJ1UJDMagCzIkXNsUYfD1daK//LTEQ8xiIbrHtcw==}

  wbuf@1.7.3:
    resolution: {integrity: sha512-O84QOnr0icsbFGLS0O3bI5FswxzRr8/gHwWkDlQFskhSPryQXvrTMxjxGP4+iWYoauLoBvfDpkrOauZ+0iZpDA==}

  ws@8.22.0:
    resolution: {integrity: sha512-Ydggc987+RO0AnWtZ/7Wq9FtNvcrL1b/RO0ud9mWjUPgDrsAAwQSF51sm2hm1XofbU/4jkpGEsLFsZZxU+1DOg==}
    engines: {node: '>=10.0.0'}
    peerDependencies:
      bufferutil: ^4.0.1
      utf-8-validate: '>=5.0.2'
    peerDependenciesMeta:
      bufferutil:
        optional: true
      utf-8-validate:
        optional: true

  yauzl@3.4.0:
    resolution: {integrity: sha512-jIH9yLR9wqr0wOS0TpBvo/g/2UgZH5qePVbjgRliiF0BYvOZyaBknKsF+x9Iht0O6sqgnB93rCICdOZFecJuDw==}
    engines: {node: '>=12'}

snapshots:

  '@esbuild/aix-ppc64@0.28.2':
    optional: true

  '@esbuild/android-arm64@0.28.2':
    optional: true

  '@esbuild/android-arm@0.28.2':
    optional: true

  '@esbuild/android-x64@0.28.2':
    optional: true

  '@esbuild/darwin-arm64@0.28.2':
    optional: true

  '@esbuild/darwin-x64@0.28.2':
    optional: true

  '@esbuild/freebsd-arm64@0.28.2':
    optional: true

  '@esbuild/freebsd-x64@0.28.2':
    optional: true

  '@esbuild/linux-arm64@0.28.2':
    optional: true

  '@esbuild/linux-arm@0.28.2':
    optional: true

  '@esbuild/linux-ia32@0.28.2':
    optional: true

  '@esbuild/linux-loong64@0.28.2':
    optional: true

  '@esbuild/linux-mips64el@0.28.2':
    optional: true

  '@esbuild/linux-ppc64@0.28.2':
    optional: true

  '@esbuild/linux-riscv64@0.28.2':
    optional: true

  '@esbuild/linux-s390x@0.28.2':
    optional: true

  '@esbuild/linux-x64@0.28.2':
    optional: true

  '@esbuild/netbsd-arm64@0.28.2':
    optional: true

  '@esbuild/netbsd-x64@0.28.2':
    optional: true

  '@esbuild/openbsd-arm64@0.28.2':
    optional: true

  '@esbuild/openbsd-x64@0.28.2':
    optional: true

  '@esbuild/openharmony-arm64@0.28.2':
    optional: true

  '@esbuild/sunos-x64@0.28.2':
    optional: true

  '@esbuild/win32-arm64@0.28.2':
    optional: true

  '@esbuild/win32-ia32@0.28.2':
    optional: true

  '@esbuild/win32-x64@0.28.2':
    optional: true

  '@jspm/core@2.1.0': {}

  '@kwsites/file-exists@1.1.1':
    dependencies:
      debug: 4.4.3
    transitivePeerDependencies:
      - supports-color

  '@kwsites/promise-deferred@1.1.1': {}

  '@oven/bun-darwin-aarch64@1.4.2':
    optional: true

  '@oven/bun-darwin-x64@1.4.2':
    optional: true

  '@oven/bun-freebsd-aarch64@1.4.2':
    optional: true

  '@oven/bun-freebsd-x64@1.4.2':
    optional: true

  '@oven/bun-linux-aarch64-android@1.4.2':
    optional: true

  '@oven/bun-linux-aarch64-musl@1.4.2':
    optional: true

  '@oven/bun-linux-aarch64@1.4.2':
    optional: true

  '@oven/bun-linux-x64-android@1.4.2':
    optional: true

  '@oven/bun-linux-x64-musl@1.4.2':
    optional: true

  '@oven/bun-linux-x64@1.4.2':
    optional: true

  '@oven/bun-windows-aarch64@1.4.2':
    optional: true

  '@oven/bun-windows-x64@1.4.2':
    optional: true

  '@oxfmt/binding-android-arm-eabi@0.60.0':
    optional: true

  '@oxfmt/binding-android-arm64@0.60.0':
    optional: true

  '@oxfmt/binding-darwin-arm64@0.60.0':
    optional: true

  '@oxfmt/binding-darwin-x64@0.60.0':
    optional: true

  '@oxfmt/binding-freebsd-x64@0.60.0':
    optional: true

  '@oxfmt/binding-linux-arm-gnueabihf@0.60.0':
    optional: true

  '@oxfmt/binding-linux-arm-musleabihf@0.60.0':
    optional: true

  '@oxfmt/binding-linux-arm64-gnu@0.60.0':
    optional: true

  '@oxfmt/binding-linux-arm64-musl@0.60.0':
    optional: true

  '@oxfmt/binding-linux-ppc64-gnu@0.60.0':
    optional: true

  '@oxfmt/binding-linux-riscv64-gnu@0.60.0':
    optional: true

  '@oxfmt/binding-linux-riscv64-musl@0.60.0':
    optional: true

  '@oxfmt/binding-linux-s390x-gnu@0.60.0':
    optional: true

  '@oxfmt/binding-linux-x64-gnu@0.60.0':
    optional: true

  '@oxfmt/binding-linux-x64-musl@0.60.0':
    optional: true

  '@oxfmt/binding-openharmony-arm64@0.60.0':
    optional: true

  '@oxfmt/binding-win32-arm64-msvc@0.60.0':
    optional: true

  '@oxfmt/binding-win32-ia32-msvc@0.60.0':
    optional: true

  '@oxfmt/binding-win32-x64-msvc@0.60.0':
    optional: true

  '@simple-git/args-pathspec@1.0.4': {}

  '@simple-git/argv-parser@2.0.1':
    dependencies:
      '@simple-git/args-pathspec': 1.0.4

  '@types/bun@1.4.2':
    dependencies:
      bun-types: 1.4.2

  '@types/chrome@0.2.9':
    dependencies:
      '@types/filesystem': 0.0.36
      '@types/har-format': 1.2.16

  '@types/filesystem@0.0.36':
    dependencies:
      '@types/filewriter': 0.0.33

  '@types/filewriter@0.0.33': {}

  '@types/har-format@1.2.16': {}

  '@types/jquery@1.10.45': {}

  '@types/jquery@4.0.1': {}

  '@types/node@25.9.9':
    dependencies:
      undici-types: 7.24.6

  '@types/node@26.6.4':
    dependencies:
      undici-types: 8.9.0

  '@types/semver@6.2.7': {}

  '@types/semver@7.8.0': {}

  '@types/ws@8.18.2':
    dependencies:
      '@types/node': 26.6.4

  bun-types@1.4.2:
    dependencies:
      '@types/node': 26.6.4

  bun@1.4.2:
    optionalDependencies:
      '@oven/bun-darwin-aarch64': 1.4.2
      '@oven/bun-darwin-x64': 1.4.2
      '@oven/bun-freebsd-aarch64': 1.4.2
      '@oven/bun-freebsd-x64': 1.4.2
      '@oven/bun-linux-aarch64': 1.4.2
      '@oven/bun-linux-aarch64-android': 1.4.2
      '@oven/bun-linux-aarch64-musl': 1.4.2
      '@oven/bun-linux-x64': 1.4.2
      '@oven/bun-linux-x64-android': 1.4.2
      '@oven/bun-linux-x64-musl': 1.4.2
      '@oven/bun-windows-aarch64': 1.4.2
      '@oven/bun-windows-x64': 1.4.2

  cc-instanceinator@https://codeload.github.com/krypciak/cc-instanceinator/tar.gz/05d40e6156b6962b9f26b87bd981c272666c4d74:
    dependencies:
      '@types/chrome': 0.2.9
      '@types/jquery': 1.10.45
      '@types/node': 26.6.4
      cc-map-screenshot: https://codeload.github.com/krypciak/cc-map-screenshot/tar.gz/ad4a18df7c8e1d4c6df2bbf3454dcefd04c5505d
      ccmodmanager: https://codeload.github.com/CCDirectLink/CCModManager/tar.gz/830c47de06e11401fcfd11ce7d0ff92a74504bb0
      crossnode: https://codeload.github.com/krypciak/crossnode/tar.gz/66e16371b87c5b94efa73de31bb0c3fc198dc33e
      ultimate-crosscode-typedefs: https://codeload.github.com/krypciak/ultimate-crosscode-typedefs/tar.gz/30f0246b2949c554f2911d49e01c53195bcdc4ff

  cc-krypek-lib@https://codeload.github.com/krypciak/cc-krypek-lib/tar.gz/d2815336e27adf7849df981b5dd712cff313a8c1:
    dependencies:
      '@types/chrome': 0.2.9
      '@types/jquery': 1.10.45
      '@types/node': 26.6.4
      ccmodmanager: https://codeload.github.com/CCDirectLink/CCModManager/tar.gz/830c47de06e11401fcfd11ce7d0ff92a74504bb0
      ultimate-crosscode-typedefs: https://codeload.github.com/krypciak/ultimate-crosscode-typedefs/tar.gz/30f0246b2949c554f2911d49e01c53195bcdc4ff

  cc-map-screenshot@https://codeload.github.com/krypciak/cc-map-screenshot/tar.gz/ad4a18df7c8e1d4c6df2bbf3454dcefd04c5505d:
    dependencies:
      '@types/chrome': 0.2.9
      '@types/jquery': 1.10.45
      '@types/node': 26.6.4
      cc-instanceinator: https://codeload.github.com/krypciak/cc-instanceinator/tar.gz/05d40e6156b6962b9f26b87bd981c272666c4d74
      ccmodmanager: https://codeload.github.com/CCDirectLink/CCModManager/tar.gz/830c47de06e11401fcfd11ce7d0ff92a74504bb0
      ultimate-crosscode-typedefs: https://codeload.github.com/krypciak/ultimate-crosscode-typedefs/tar.gz/30f0246b2949c554f2911d49e01c53195bcdc4ff

  cc-variable-charge-time@https://codeload.github.com/krypciak/cc-variable-charge-time/tar.gz/0beba4bf60ccf74b3931bad3a446534f131990c4:
    dependencies:
      '@types/chrome': 0.2.9
      '@types/jquery': 1.10.45
      '@types/node': 26.6.4
      ccmodmanager: https://codeload.github.com/CCDirectLink/CCModManager/tar.gz/830c47de06e11401fcfd11ce7d0ff92a74504bb0
      ultimate-crosscode-typedefs: https://codeload.github.com/krypciak/ultimate-crosscode-typedefs/tar.gz/30f0246b2949c554f2911d49e01c53195bcdc4ff

  ccmoddb@https://codeload.github.com/CCDirectLink/CCModDB/tar.gz/0a8802d2f60ac892b3da493fcd206a2daeec1c69:
    dependencies:
      '@types/semver': 7.8.0
      bun: 1.4.2
      semver: 7.8.5
      simple-git: 4.0.2
      yauzl: 3.4.0
    transitivePeerDependencies:
      - supports-color

  ccmodmanager@https://codeload.github.com/CCDirectLink/CCModManager/tar.gz/830c47de06e11401fcfd11ce7d0ff92a74504bb0: {}

  core-js@3.50.0: {}

  core-util-is@1.0.3: {}

  crosscode-web@https://codeload.github.com/krypciak/crosscode-web/tar.gz/9bfa623f2c192d5f71363876fc5778631c07dabb:
    dependencies:
      '@jspm/core': 2.1.0
      ccmoddb: https://codeload.github.com/CCDirectLink/CCModDB/tar.gz/0a8802d2f60ac892b3da493fcd206a2daeec1c69
      core-js: 3.50.0
      fflate: 0.8.3
      js-fileexplorer: 1.0.0
    transitivePeerDependencies:
      - supports-color

  crossnode@https://codeload.github.com/krypciak/crossnode/tar.gz/66e16371b87c5b94efa73de31bb0c3fc198dc33e: {}

  debug@4.4.3:
    dependencies:
      ms: 2.1.3

  detect-node@2.1.0: {}

  esbuild@0.28.2:
    optionalDependencies:
      '@esbuild/aix-ppc64': 0.28.2
      '@esbuild/android-arm': 0.28.2
      '@esbuild/android-arm64': 0.28.2
      '@esbuild/android-x64': 0.28.2
      '@esbuild/darwin-arm64': 0.28.2
      '@esbuild/darwin-x64': 0.28.2
      '@esbuild/freebsd-arm64': 0.28.2
      '@esbuild/freebsd-x64': 0.28.2
      '@esbuild/linux-arm': 0.28.2
      '@esbuild/linux-arm64': 0.28.2
      '@esbuild/linux-ia32': 0.28.2
      '@esbuild/linux-loong64': 0.28.2
      '@esbuild/linux-mips64el': 0.28.2
      '@esbuild/linux-ppc64': 0.28.2
      '@esbuild/linux-riscv64': 0.28.2
      '@esbuild/linux-s390x': 0.28.2
      '@esbuild/linux-x64': 0.28.2
      '@esbuild/netbsd-arm64': 0.28.2
      '@esbuild/netbsd-x64': 0.28.2
      '@esbuild/openbsd-arm64': 0.28.2
      '@esbuild/openbsd-x64': 0.28.2
      '@esbuild/openharmony-arm64': 0.28.2
      '@esbuild/sunos-x64': 0.28.2
      '@esbuild/win32-arm64': 0.28.2
      '@esbuild/win32-ia32': 0.28.2
      '@esbuild/win32-x64': 0.28.2

  fflate@0.8.3: {}

  handle-thing@2.0.1: {}

  hpack.js@2.1.6:
    dependencies:
      inherits: 2.0.4
      obuf: 1.1.2
      readable-stream: 2.3.8
      wbuf: 1.7.3

  http-deceiver@1.2.7: {}

  inherits@2.0.4: {}

  isarray@1.0.0: {}

  js-fileexplorer@1.0.0: {}

  menu-ui-replacer@https://codeload.github.com/CCDirectLink/cc-menu-ui-replacement/tar.gz/5aa343e5781791e67ea3e1c5e9e0e206bf3ffc0d:
    dependencies:
      '@types/chrome': 0.2.9
      '@types/jquery': 1.10.45
      '@types/node': 26.6.4
      ccmodmanager: https://codeload.github.com/CCDirectLink/CCModManager/tar.gz/830c47de06e11401fcfd11ce7d0ff92a74504bb0
      ultimate-crosscode-typedefs: https://codeload.github.com/krypciak/ultimate-crosscode-typedefs/tar.gz/30f0246b2949c554f2911d49e01c53195bcdc4ff

  minimalistic-assert@1.0.1: {}

  ms@2.1.3: {}

  nax-ccuilib@https://codeload.github.com/krypciak/nax-ccuilib/tar.gz/d5dec43beb3491d0a382aada6402d009f25be54e:
    dependencies:
      '@types/jquery': 1.10.45
      '@types/node': 26.6.4

  node-bin-setup@1.1.4: {}

  node@26.10.0:
    dependencies:
      node-bin-setup: 1.1.4

  obuf@1.1.2: {}

  oxfmt@0.60.0:
    dependencies:
      tinypool: 2.1.0
    optionalDependencies:
      '@oxfmt/binding-android-arm-eabi': 0.60.0
      '@oxfmt/binding-android-arm64': 0.60.0
      '@oxfmt/binding-darwin-arm64': 0.60.0
      '@oxfmt/binding-darwin-x64': 0.60.0
      '@oxfmt/binding-freebsd-x64': 0.60.0
      '@oxfmt/binding-linux-arm-gnueabihf': 0.60.0
      '@oxfmt/binding-linux-arm-musleabihf': 0.60.0
      '@oxfmt/binding-linux-arm64-gnu': 0.60.0
      '@oxfmt/binding-linux-arm64-musl': 0.60.0
      '@oxfmt/binding-linux-ppc64-gnu': 0.60.0
      '@oxfmt/binding-linux-riscv64-gnu': 0.60.0
      '@oxfmt/binding-linux-riscv64-musl': 0.60.0
      '@oxfmt/binding-linux-s390x-gnu': 0.60.0
      '@oxfmt/binding-linux-x64-gnu': 0.60.0
      '@oxfmt/binding-linux-x64-musl': 0.60.0
      '@oxfmt/binding-openharmony-arm64': 0.60.0
      '@oxfmt/binding-win32-arm64-msvc': 0.60.0
      '@oxfmt/binding-win32-ia32-msvc': 0.60.0
      '@oxfmt/binding-win32-x64-msvc': 0.60.0

  pend@1.2.0: {}

  process-nextick-args@2.0.1: {}

  readable-stream@2.3.8:
    dependencies:
      core-util-is: 1.0.3
      inherits: 2.0.4
      isarray: 1.0.0
      process-nextick-args: 2.0.1
      safe-buffer: 5.1.2
      string_decoder: 1.1.1
      util-deprecate: 1.0.2

  readable-stream@3.6.2:
    dependencies:
      inherits: 2.0.4
      string_decoder: 1.3.0
      util-deprecate: 1.0.2

  safe-buffer@5.1.2: {}

  safe-buffer@5.2.1: {}

  select-hose@2.0.0: {}

  semver@7.8.5: {}

  simple-git@4.0.2:
    dependencies:
      '@kwsites/file-exists': 1.1.1
      '@kwsites/promise-deferred': 1.1.1
      '@simple-git/args-pathspec': 1.0.4
      '@simple-git/argv-parser': 2.0.1
      debug: 4.4.3
    transitivePeerDependencies:
      - supports-color

  spdy-transport@3.0.0:
    dependencies:
      debug: 4.4.3
      detect-node: 2.1.0
      hpack.js: 2.1.6
      obuf: 1.1.2
      readable-stream: 3.6.2
      wbuf: 1.7.3
    transitivePeerDependencies:
      - supports-color

  spdy@4.0.2:
    dependencies:
      debug: 4.4.3
      handle-thing: 2.0.1
      http-deceiver: 1.2.7
      select-hose: 2.0.0
      spdy-transport: 3.0.0
    transitivePeerDependencies:
      - supports-color

  string_decoder@1.1.1:
    dependencies:
      safe-buffer: 5.1.2

  string_decoder@1.3.0:
    dependencies:
      safe-buffer: 5.2.1

  tinypool@2.1.0: {}

  ts-binarifier@https://codeload.github.com/krypciak/ts-binarifier/tar.gz/2b8e3196e57f192d58e042d50cbb06ce15799741: {}

  typescript@6.0.3: {}

  ultimate-crosscode-typedefs@https://codeload.github.com/krypciak/ultimate-crosscode-typedefs/tar.gz/30f0246b2949c554f2911d49e01c53195bcdc4ff:
    dependencies:
      '@types/jquery': 1.10.45
      '@types/node': 25.9.9
      '@types/semver': 6.2.7

  undici-types@7.24.6: {}

  undici-types@8.9.0: {}

  util-deprecate@1.0.2: {}

  wbuf@1.7.3:
    dependencies:
      minimalistic-assert: 1.0.1

  ws@8.22.0: {}

  yauzl@3.4.0:
    dependencies:
      pend: 1.2.0
