lockfileVersion: '9.0'

settings:
  autoInstallPeers: true
  excludeLinksFromLockfile: false

overrides:
  ws: ^8.0.0

importers:

  .:
    devDependencies:
      '@types/bun':
        specifier: ^1.3.11
        version: 1.3.11
      '@types/chrome':
        specifier: ^0.1.38
        version: 0.1.38
      '@types/jquery':
        specifier: ^4.0.0
        version: 4.0.0
      '@types/node':
        specifier: ^25.5.0
        version: 25.5.0
      '@types/ws':
        specifier: ^8.18.1
        version: 8.18.1
      bun:
        specifier: ^1.3.14
        version: 1.3.14
      cc-instanceinator:
        specifier: github:krypciak/cc-instanceinator
        version: https://codeload.github.com/krypciak/cc-instanceinator/tar.gz/eef34e9649fcb266319a4245aa8cf40ddf10f3bc
      cc-jetpack-widget:
        specifier: github:krypciak/cc-jetpack-widget
        version: https://codeload.github.com/krypciak/cc-jetpack-widget/tar.gz/1d0c917aeca2bbf7d23e45d0589df17ce9f8c01a
      cc-krypek-lib:
        specifier: github:krypciak/cc-krypek-lib
        version: https://codeload.github.com/krypciak/cc-krypek-lib/tar.gz/fc159dfcd3808add6d93851857c07ee4eb5df9c6
      cc-variable-charge-time:
        specifier: github:krypciak/cc-variable-charge-time
        version: https://codeload.github.com/krypciak/cc-variable-charge-time/tar.gz/f1bc429a01fb0aa1684252218ec12b81a09894fb
      ccmoddb:
        specifier: github:CCDirectLink/CCModDB
        version: https://codeload.github.com/CCDirectLink/CCModDB/tar.gz/02a6592136067e64bcb81252392797fc48388944
      ccmodmanager:
        specifier: github:CCDirectLink/CCModManager
        version: https://codeload.github.com/CCDirectLink/CCModManager/tar.gz/bf3cbe1443ca5b95267a460a8cf1780b35aafd2a
      crosscode-web:
        specifier: github:krypciak/crosscode-web
        version: https://codeload.github.com/krypciak/crosscode-web/tar.gz/99abd2ae7b33c49169143f3c46d8f3fb04e9a6f3
      crossnode:
        specifier: github:krypciak/crossnode
        version: https://codeload.github.com/krypciak/crossnode/tar.gz/d8acec3360438da99316bfa2be67947dfea1d5c3
      esbuild:
        specifier: ^0.27.4
        version: 0.27.4
      fflate:
        specifier: ^0.8.2
        version: 0.8.2
      nax-ccuilib:
        specifier: github:krypciak/nax-ccuilib
        version: https://codeload.github.com/krypciak/nax-ccuilib/tar.gz/4b9abdb4808d49c0df726ef631f4704181830dc9
      node:
        specifier: ^25.8.1
        version: 25.8.1
      prettier:
        specifier: 3.8.1
        version: 3.8.1
      socket.io:
        specifier: ^4.8.3
        version: 4.8.3
      socket.io-adapter:
        specifier: ^2.5.7
        version: 2.5.7
      socket.io-client:
        specifier: ^4.8.3
        version: 4.8.3
      spdy:
        specifier: ^4.0.2
        version: 4.0.2
      ts-binarifier:
        specifier: github:krypciak/ts-binarifier
        version: https://codeload.github.com/krypciak/ts-binarifier/tar.gz/6df0eb1d0b26ac511c1d6ab4459f6015ff3a7979
      typescript:
        specifier: ^6.0.2
        version: 6.0.2
      ultimate-crosscode-typedefs:
        specifier: github:krypciak/ultimate-crosscode-typedefs
        version: https://codeload.github.com/krypciak/ultimate-crosscode-typedefs/tar.gz/2c9f7b26f7056ff80ea45d820e195dbc341037cb
      ws:
        specifier: ^8.0.0
        version: 8.21.0

packages:

  '@esbuild/aix-ppc64@0.27.4':
    resolution: {integrity: sha512-cQPwL2mp2nSmHHJlCyoXgHGhbEPMrEEU5xhkcy3Hs/O7nGZqEpZ2sUtLaL9MORLtDfRvVl2/3PAuEkYZH0Ty8Q==}
    engines: {node: '>=18'}
    cpu: [ppc64]
    os: [aix]

  '@esbuild/android-arm64@0.27.4':
    resolution: {integrity: sha512-gdLscB7v75wRfu7QSm/zg6Rx29VLdy9eTr2t44sfTW7CxwAtQghZ4ZnqHk3/ogz7xao0QAgrkradbBzcqFPasw==}
    engines: {node: '>=18'}
    cpu: [arm64]
    os: [android]

  '@esbuild/android-arm@0.27.4':
    resolution: {integrity: sha512-X9bUgvxiC8CHAGKYufLIHGXPJWnr0OCdR0anD2e21vdvgCI8lIfqFbnoeOz7lBjdrAGUhqLZLcQo6MLhTO2DKQ==}
    engines: {node: '>=18'}
    cpu: [arm]
    os: [android]

  '@esbuild/android-x64@0.27.4':
    resolution: {integrity: sha512-PzPFnBNVF292sfpfhiyiXCGSn9HZg5BcAz+ivBuSsl6Rk4ga1oEXAamhOXRFyMcjwr2DVtm40G65N3GLeH1Lvw==}
    engines: {node: '>=18'}
    cpu: [x64]
    os: [android]

  '@esbuild/darwin-arm64@0.27.4':
    resolution: {integrity: sha512-b7xaGIwdJlht8ZFCvMkpDN6uiSmnxxK56N2GDTMYPr2/gzvfdQN8rTfBsvVKmIVY/X7EM+/hJKEIbbHs9oA4tQ==}
    engines: {node: '>=18'}
    cpu: [arm64]
    os: [darwin]

  '@esbuild/darwin-x64@0.27.4':
    resolution: {integrity: sha512-sR+OiKLwd15nmCdqpXMnuJ9W2kpy0KigzqScqHI3Hqwr7IXxBp3Yva+yJwoqh7rE8V77tdoheRYataNKL4QrPw==}
    engines: {node: '>=18'}
    cpu: [x64]
    os: [darwin]

  '@esbuild/freebsd-arm64@0.27.4':
    resolution: {integrity: sha512-jnfpKe+p79tCnm4GVav68A7tUFeKQwQyLgESwEAUzyxk/TJr4QdGog9sqWNcUbr/bZt/O/HXouspuQDd9JxFSw==}
    engines: {node: '>=18'}
    cpu: [arm64]
    os: [freebsd]

  '@esbuild/freebsd-x64@0.27.4':
    resolution: {integrity: sha512-2kb4ceA/CpfUrIcTUl1wrP/9ad9Atrp5J94Lq69w7UwOMolPIGrfLSvAKJp0RTvkPPyn6CIWrNy13kyLikZRZQ==}
    engines: {node: '>=18'}
    cpu: [x64]
    os: [freebsd]

  '@esbuild/linux-arm64@0.27.4':
    resolution: {integrity: sha512-7nQOttdzVGth1iz57kxg9uCz57dxQLHWxopL6mYuYthohPKEK0vU0C3O21CcBK6KDlkYVcnDXY099HcCDXd9dA==}
    engines: {node: '>=18'}
    cpu: [arm64]
    os: [linux]

  '@esbuild/linux-arm@0.27.4':
    resolution: {integrity: sha512-aBYgcIxX/wd5n2ys0yESGeYMGF+pv6g0DhZr3G1ZG4jMfruU9Tl1i2Z+Wnj9/KjGz1lTLCcorqE2viePZqj4Eg==}
    engines: {node: '>=18'}
    cpu: [arm]
    os: [linux]

  '@esbuild/linux-ia32@0.27.4':
    resolution: {integrity: sha512-oPtixtAIzgvzYcKBQM/qZ3R+9TEUd1aNJQu0HhGyqtx6oS7qTpvjheIWBbes4+qu1bNlo2V4cbkISr8q6gRBFA==}
    engines: {node: '>=18'}
    cpu: [ia32]
    os: [linux]

  '@esbuild/linux-loong64@0.27.4':
    resolution: {integrity: sha512-8mL/vh8qeCoRcFH2nM8wm5uJP+ZcVYGGayMavi8GmRJjuI3g1v6Z7Ni0JJKAJW+m0EtUuARb6Lmp4hMjzCBWzA==}
    engines: {node: '>=18'}
    cpu: [loong64]
    os: [linux]

  '@esbuild/linux-mips64el@0.27.4':
    resolution: {integrity: sha512-1RdrWFFiiLIW7LQq9Q2NES+HiD4NyT8Itj9AUeCl0IVCA459WnPhREKgwrpaIfTOe+/2rdntisegiPWn/r/aAw==}
    engines: {node: '>=18'}
    cpu: [mips64el]
    os: [linux]

  '@esbuild/linux-ppc64@0.27.4':
    resolution: {integrity: sha512-tLCwNG47l3sd9lpfyx9LAGEGItCUeRCWeAx6x2Jmbav65nAwoPXfewtAdtbtit/pJFLUWOhpv0FpS6GQAmPrHA==}
    engines: {node: '>=18'}
    cpu: [ppc64]
    os: [linux]

  '@esbuild/linux-riscv64@0.27.4':
    resolution: {integrity: sha512-BnASypppbUWyqjd1KIpU4AUBiIhVr6YlHx/cnPgqEkNoVOhHg+YiSVxM1RLfiy4t9cAulbRGTNCKOcqHrEQLIw==}
    engines: {node: '>=18'}
    cpu: [riscv64]
    os: [linux]

  '@esbuild/linux-s390x@0.27.4':
    resolution: {integrity: sha512-+eUqgb/Z7vxVLezG8bVB9SfBie89gMueS+I0xYh2tJdw3vqA/0ImZJ2ROeWwVJN59ihBeZ7Tu92dF/5dy5FttA==}
    engines: {node: '>=18'}
    cpu: [s390x]
    os: [linux]

  '@esbuild/linux-x64@0.27.4':
    resolution: {integrity: sha512-S5qOXrKV8BQEzJPVxAwnryi2+Iq5pB40gTEIT69BQONqR7JH1EPIcQ/Uiv9mCnn05jff9umq/5nqzxlqTOg9NA==}
    engines: {node: '>=18'}
    cpu: [x64]
    os: [linux]

  '@esbuild/netbsd-arm64@0.27.4':
    resolution: {integrity: sha512-xHT8X4sb0GS8qTqiwzHqpY00C95DPAq7nAwX35Ie/s+LO9830hrMd3oX0ZMKLvy7vsonee73x0lmcdOVXFzd6Q==}
    engines: {node: '>=18'}
    cpu: [arm64]
    os: [netbsd]

  '@esbuild/netbsd-x64@0.27.4':
    resolution: {integrity: sha512-RugOvOdXfdyi5Tyv40kgQnI0byv66BFgAqjdgtAKqHoZTbTF2QqfQrFwa7cHEORJf6X2ht+l9ABLMP0dnKYsgg==}
    engines: {node: '>=18'}
    cpu: [x64]
    os: [netbsd]

  '@esbuild/openbsd-arm64@0.27.4':
    resolution: {integrity: sha512-2MyL3IAaTX+1/qP0O1SwskwcwCoOI4kV2IBX1xYnDDqthmq5ArrW94qSIKCAuRraMgPOmG0RDTA74mzYNQA9ow==}
    engines: {node: '>=18'}
    cpu: [arm64]
    os: [openbsd]

  '@esbuild/openbsd-x64@0.27.4':
    resolution: {integrity: sha512-u8fg/jQ5aQDfsnIV6+KwLOf1CmJnfu1ShpwqdwC0uA7ZPwFws55Ngc12vBdeUdnuWoQYx/SOQLGDcdlfXhYmXQ==}
    engines: {node: '>=18'}
    cpu: [x64]
    os: [openbsd]

  '@esbuild/openharmony-arm64@0.27.4':
    resolution: {integrity: sha512-JkTZrl6VbyO8lDQO3yv26nNr2RM2yZzNrNHEsj9bm6dOwwu9OYN28CjzZkH57bh4w0I2F7IodpQvUAEd1mbWXg==}
    engines: {node: '>=18'}
    cpu: [arm64]
    os: [openharmony]

  '@esbuild/sunos-x64@0.27.4':
    resolution: {integrity: sha512-/gOzgaewZJfeJTlsWhvUEmUG4tWEY2Spp5M20INYRg2ZKl9QPO3QEEgPeRtLjEWSW8FilRNacPOg8R1uaYkA6g==}
    engines: {node: '>=18'}
    cpu: [x64]
    os: [sunos]

  '@esbuild/win32-arm64@0.27.4':
    resolution: {integrity: sha512-Z9SExBg2y32smoDQdf1HRwHRt6vAHLXcxD2uGgO/v2jK7Y718Ix4ndsbNMU/+1Qiem9OiOdaqitioZwxivhXYg==}
    engines: {node: '>=18'}
    cpu: [arm64]
    os: [win32]

  '@esbuild/win32-ia32@0.27.4':
    resolution: {integrity: sha512-DAyGLS0Jz5G5iixEbMHi5KdiApqHBWMGzTtMiJ72ZOLhbu/bzxgAe8Ue8CTS3n3HbIUHQz/L51yMdGMeoxXNJw==}
    engines: {node: '>=18'}
    cpu: [ia32]
    os: [win32]

  '@esbuild/win32-x64@0.27.4':
    resolution: {integrity: sha512-+knoa0BDoeXgkNvvV1vvbZX4+hizelrkwmGJBdT17t8FNPwG2lKemmuMZlmaNQ3ws3DKKCxpb4zRZEIp3UxFCg==}
    engines: {node: '>=18'}
    cpu: [x64]
    os: [win32]

  '@kwsites/file-exists@1.1.1':
    resolution: {integrity: sha512-m9/5YGR18lIwxSFDwfE3oA7bWuq9kdau6ugN4H2rJeyhFQZcG9AgSHkQtSD15a8WvTgfz9aikZMrKPHvbpqFiw==}

  '@kwsites/promise-deferred@1.1.1':
    resolution: {integrity: sha512-GaHYm+c0O9MjZRu0ongGBRbinu8gVAMd2UZjji6jVmqKtZluZnptXGWhz1E8j8D2HJ3f/yMxKAUC0b+57wncIw==}

  '@oven/bun-darwin-aarch64@1.3.14':
    resolution: {integrity: sha512-Omj20SuiHBOUjUBIyqtkNjSUIjOtEOJwmbix/ZyFH4BaQ6OZTaaRWIR4TjHVz0yadHgli6lLTiAh1uarnvD49A==}
    cpu: [arm64]
    os: [darwin]

  '@oven/bun-darwin-x64-baseline@1.3.14':
    resolution: {integrity: sha512-OSfsTZstc898HHElhU4NccaBGOSSDn5VfahiVTnidZ9B/+wb7WTyfZJaBeJcfjwJ9H2W9uTh2TGtl3UfcXgV9g==}
    cpu: [x64]
    os: [darwin]

  '@oven/bun-darwin-x64@1.3.14':
    resolution: {integrity: sha512-FFj3QdU/OhlDyZOJ8CWfN5eWLpRlT4qjZg7lMQi7jA6GuoY5ajlO1zWLP/MuHYRSbXQUvV52RejNi8DVnAp13w==}
    cpu: [x64]
    os: [darwin]

  '@oven/bun-freebsd-aarch64@1.3.14':
    resolution: {integrity: sha512-LIKrXaFxAHybVO5Pf+9XP2FHUj/5APvXTUKk9dqHm5iFz4oH+W24cmhjkJirNujh9hKeTyrpWSe3no9JZKowIw==}
    cpu: [arm64]
    os: [freebsd]

  '@oven/bun-freebsd-x64@1.3.14':
    resolution: {integrity: sha512-uwD+fGUH1ADpIF3B1U2jWzzb20QwRLZfj5QZ28GUCGrAJ/nTmWrD6YYGsblCY1wuhldRez3lU40AyuvSCyLYmw==}
    cpu: [x64]
    os: [freebsd]

  '@oven/bun-linux-aarch64-android@1.3.14':
    resolution: {integrity: sha512-y4kq5b85lsrmFb9Xvi4w9mA5IEFJkLMrSmYn06q24KjL9rUWDWO3VFZEtteZxUN5+ec3Zm5S8OnJw1umaCbVjA==}
    cpu: [arm64]
    os: [android]

  '@oven/bun-linux-aarch64-musl@1.3.14':
    resolution: {integrity: sha512-jmqOA92Cd1NL/1XBd4bFkJLxQ86K0RW7ohxS2qzzAvuitO4JiIxjjTeCspoU44zCozH72HpfZfUE2On31OjnWA==}
    cpu: [arm64]
    os: [linux]

  '@oven/bun-linux-aarch64@1.3.14':
    resolution: {integrity: sha512-X5SsPZHs+iYO8R/efIcRtc7gT2Q2DgPfliCxEkx4cXBumwkw0c/EsHMNwH3EgGpCDaZ7IYVPhpCG/xBOQHEwZw==}
    cpu: [arm64]
    os: [linux]

  '@oven/bun-linux-x64-android@1.3.14':
    resolution: {integrity: sha512-qe9e1d+3VAEU7nAA2ol9Jvmy/o99PVMSgZhHn7Q/9O3YcDrfEqyQ8zm4zoe5qTEo8HZH0dN03Le0Ys2eQPs7eg==}
    cpu: [x64]
    os: [android]

  '@oven/bun-linux-x64-baseline@1.3.14':
    resolution: {integrity: sha512-q/8EdOC0yUE8FPeoOVq8/Pw5I9/tJaYmUfO/uDUAREx8IUnOJH1RJ5A3BjFqre8pvJoiZA9AovPJq5FnNNjSxA==}
    cpu: [x64]
    os: [linux]

  '@oven/bun-linux-x64-musl-baseline@1.3.14':
    resolution: {integrity: sha512-n6iE71G4lQE4XkrZhQQcL5YUlxDbnq6nqV7zeQi33PMsLT/0kYE+RvHOtBWZ3w0wMdXZfINmp63hIb9ijUBGtw==}
    cpu: [x64]
    os: [linux]

  '@oven/bun-linux-x64-musl@1.3.14':
    resolution: {integrity: sha512-GBCB/k/sIqcr06eTNgg7g46qiUv35Jasx4XiccJ/n7RGqrE4RWUD/XJBbWFprVPjvqd59+QtSnS99XGqvftHfg==}
    cpu: [x64]
    os: [linux]

  '@oven/bun-linux-x64@1.3.14':
    resolution: {integrity: sha512-7OVTAKvwfPmSbIV1HpdOoVVx5VRc427GuPPne93N6vk4eQBPId9nXmZDh9/zGaKPdbVjVtQSZafWQoUjx38Utw==}
    cpu: [x64]
    os: [linux]

  '@oven/bun-windows-aarch64@1.3.14':
    resolution: {integrity: sha512-T7s3x/BsVKQObGU6QDkZeI6wKynzqGbBH1yI77jrrj5siElclxr3DQrDIk8CV4G5/SJq2HHq4kpLyYY2DKCSmA==}
    cpu: [arm64]
    os: [win32]

  '@oven/bun-windows-x64-baseline@1.3.14':
    resolution: {integrity: sha512-uIjLUC1S9DWgICzuoMba7vurBJnBruE4S5CxnvmZkdqWVXRzx1Rgu636HoH+k0qeaQCFh3jeG3JQ1y6fRHv0sw==}
    cpu: [x64]
    os: [win32]

  '@oven/bun-windows-x64@1.3.14':
    resolution: {integrity: sha512-mUFWL3BoYkNpjd8e9PqROiFF/1Xeotq20mABJsiQH62jM1g5zqWh4khw1RZ6bX8Q8fWvlPaxG1PjofkmjUi3vg==}
    cpu: [x64]
    os: [win32]

  '@simple-git/args-pathspec@1.0.3':
    resolution: {integrity: sha512-ngJMaHlsWDTfjyq9F3VIQ8b7NXbBLq5j9i5bJ6XLYtD6qlDXT7fdKY2KscWWUF8t18xx052Y/PUO1K1TRc9yKA==}

  '@simple-git/argv-parser@1.1.1':
    resolution: {integrity: sha512-Q9lBcfQ+VQCpQqGJFHe5yooOS5hGdLFFbJ5R+R5aDsnkPCahtn1hSkMcORX65J2Z5lxSkD0lQorMsncuBQxYUw==}

  '@socket.io/component-emitter@3.1.2':
    resolution: {integrity: sha512-9BCxFwvbGg/RsZK9tjXd8s4UcwR0MWeFQ1XEKIQVVvAGJyINdrqKMcTRyLoK8Rse1GjzLV9cwjWV1olXRWEXVA==}

  '@types/bun@1.3.11':
    resolution: {integrity: sha512-5vPne5QvtpjGpsGYXiFyycfpDF2ECyPcTSsFBMa0fraoxiQyMJ3SmuQIGhzPg2WJuWxVBoxWJ2kClYTcw/4fAg==}

  '@types/chrome@0.1.38':
    resolution: {integrity: sha512-5aK4m9wZqoWAoB98aElESLm/5pXpqJnFWMNoiCs/XdPsXR6wNdVkJFSdQ9Wr4PnTuUrxD0SuNuDHh3EG5QeBzA==}

  '@types/cors@2.8.19':
    resolution: {integrity: sha512-mFNylyeyqN93lfe/9CSxOGREz8cpzAhH+E93xJ4xWQf62V8sQ/24reV2nyzUWM6H6Xji+GGHpkbLe7pVoUEskg==}

  '@types/filesystem@0.0.36':
    resolution: {integrity: sha512-vPDXOZuannb9FZdxgHnqSwAG/jvdGM8Wq+6N4D/d80z+D4HWH+bItqsZaVRQykAn6WEVeEkLm2oQigyHtgb0RA==}

  '@types/filewriter@0.0.33':
    resolution: {integrity: sha512-xFU8ZXTw4gd358lb2jw25nxY9QAgqn2+bKKjKOYfNCzN4DKCFetK7sPtrlpg66Ywe3vWY9FNxprZawAh9wfJ3g==}

  '@types/har-format@1.2.16':
    resolution: {integrity: sha512-fluxdy7ryD3MV6h8pTfTYpy/xQzCFC7m89nOH9y94cNqJ1mDIDPut7MnRHI3F6qRmh/cT2fUjG1MLdCNb4hE9A==}

  '@types/jquery@1.10.45':
    resolution: {integrity: sha512-JvoVtPbu1wrcOldn5gvuyJqr7DLX6I657N68Fqj5S7AUutdYZqabQjfP7dY6Gee7/Afo1uajwcORVlQfnsjkLQ==}

  '@types/jquery@4.0.0':
    resolution: {integrity: sha512-Z+to+A2VkaHq1DfI2oSwsoCdhCHMpTSgjWzNcbNlRGYzksDBpPUgEcAL+RQjOBJRaLoEAOHXxqDGBVP+BblBwg==}

  '@types/node@25.5.0':
    resolution: {integrity: sha512-jp2P3tQMSxWugkCUKLRPVUpGaL5MVFwF8RDuSRztfwgN1wmqJeMSbKlnEtQqU8UrhTmzEmZdu2I6v2dpp7XIxw==}

  '@types/semver@6.2.7':
    resolution: {integrity: sha512-blctEWbzUFzQx799RZjzzIdBJOXmE37YYEyDtKkx5Dg+V7o/zyyAxLPiI98A2jdTtDgxZleMdfV+7p8WbRJ1OQ==}

  '@types/semver@7.7.1':
    resolution: {integrity: sha512-FmgJfu+MOcQ370SD0ev7EI8TlCAfKYU+B4m5T3yXc1CiRN94g/SZPtsCkk506aUDtlMnFZvasDwHHUcZUEaYuA==}

  '@types/ws@8.18.1':
    resolution: {integrity: sha512-ThVF6DCVhA8kUGy+aazFQ4kXQ7E1Ty7A3ypFOe0IcJV8O/M511G99AW24irKrW56Wt44yG9+ij8FaqoBGkuBXg==}

  accepts@1.3.8:
    resolution: {integrity: sha512-PYAthTa2m2VKxuvSD3DPC/Gy+U+sOA1LAuT8mkmRuvw+NACSaeXEQ+NHcVF7rONl6qcaxV3Uuemwawk+7+SJLw==}
    engines: {node: '>= 0.6'}

  base64id@2.0.0:
    resolution: {integrity: sha512-lGe34o6EHj9y3Kts9R4ZYs/Gr+6N7MCaMlIFA3F1R2O5/m7K06AxfSeO5530PEERE6/WyEg3lsuyw4GHlPZHog==}
    engines: {node: ^4.5.0 || >= 5.9}

  buffer-crc32@0.2.13:
    resolution: {integrity: sha512-VO9Ht/+p3SN7SKWqcrgEzjGbRSJYTx+Q1pTQC0wrWqHx0vpJraQ6GtHx8tvcg1rlK1byhU5gccxgOgj7B0TDkQ==}

  bun-types@1.3.11:
    resolution: {integrity: sha512-1KGPpoxQWl9f6wcZh57LvrPIInQMn2TQ7jsgxqpRzg+l0QPOFvJVH7HmvHo/AiPgwXy+/Thf6Ov3EdVn1vOabg==}

  bun@1.3.14:
    resolution: {integrity: sha512-aB6GVd42x1Y5ie1K16SF+oLGtgSkwX9hgoDdIW88pjvfTccU8F1vfpoOt34QLv0dZ1v3XimtaxPlZUG81Gx9Zg==}
    cpu: [arm64, x64]
    os: [darwin, linux, android, freebsd, win32]
    hasBin: true

  cc-instanceinator@https://codeload.github.com/krypciak/cc-instanceinator/tar.gz/eef34e9649fcb266319a4245aa8cf40ddf10f3bc:
    resolution: {gitHosted: true, integrity: sha512-H+BMoZkkUT0rjSaGVjDq6FVdCff6iM4Qo/3CsEagFhzBVZGdZjOpqIejCUIKBrT8POK8dQc/y8IQi7zn9R9EPQ==, tarball: https://codeload.github.com/krypciak/cc-instanceinator/tar.gz/eef34e9649fcb266319a4245aa8cf40ddf10f3bc}
    version: 1.1.3

  cc-jetpack-widget@https://codeload.github.com/krypciak/cc-jetpack-widget/tar.gz/1d0c917aeca2bbf7d23e45d0589df17ce9f8c01a:
    resolution: {gitHosted: true, integrity: sha512-xgEikRASjeTngR6KuJkuOq/YfBJO6kO9CsvooI2bW3FIfQg/IqWtWuUPsbPlumISCwslccwNGVen3AGgupXQ2Q==, tarball: https://codeload.github.com/krypciak/cc-jetpack-widget/tar.gz/1d0c917aeca2bbf7d23e45d0589df17ce9f8c01a}
    version: 1.0.5

  cc-krypek-lib@https://codeload.github.com/krypciak/cc-krypek-lib/tar.gz/fc159dfcd3808add6d93851857c07ee4eb5df9c6:
    resolution: {gitHosted: true, integrity: sha512-ZdknutesKAbxC6zFk8tq9fgw3QQkZd10oKa6kzV8LXZqIK68v9TGkrhEApafpFYCWB27V7cZSCH1ZYpa8EBDwg==, tarball: https://codeload.github.com/krypciak/cc-krypek-lib/tar.gz/fc159dfcd3808add6d93851857c07ee4eb5df9c6}
    version: 1.2.0

  cc-variable-charge-time@https://codeload.github.com/krypciak/cc-variable-charge-time/tar.gz/f1bc429a01fb0aa1684252218ec12b81a09894fb:
    resolution: {gitHosted: true, integrity: sha512-NmYzUsQ68W3DN/8yJroYLS2wZwx4duRF43ZoFw20eiDG+BIQcrsZ709q1XhS1vjcWYgTFN2hknYwJeJtio3XoQ==, tarball: https://codeload.github.com/krypciak/cc-variable-charge-time/tar.gz/f1bc429a01fb0aa1684252218ec12b81a09894fb}
    version: 1.0.0

  ccmoddb@https://codeload.github.com/CCDirectLink/CCModDB/tar.gz/02a6592136067e64bcb81252392797fc48388944:
    resolution: {gitHosted: true, tarball: https://codeload.github.com/CCDirectLink/CCModDB/tar.gz/02a6592136067e64bcb81252392797fc48388944}
    version: 1.0.0

  ccmodmanager@https://codeload.github.com/CCDirectLink/CCModManager/tar.gz/bf3cbe1443ca5b95267a460a8cf1780b35aafd2a:
    resolution: {gitHosted: true, integrity: sha512-pwAgKYWjB2MjDoZC6GU3SLqh9sT0P966biLKmUQH2J988KumdNaOCyTBaGK9uDaz6UNQVIP3CFYgvUR+m5FOgg==, tarball: https://codeload.github.com/CCDirectLink/CCModManager/tar.gz/bf3cbe1443ca5b95267a460a8cf1780b35aafd2a}
    version: 1.2.0

  cookie@0.7.2:
    resolution: {integrity: sha512-yki5XnKuf750l50uGTllt6kKILY4nQ1eNIQatoXEByZ5dWgnKqbnqmTrBE5B4N7lrMJKQ2ytWMiTO2o0v6Ew/w==}
    engines: {node: '>= 0.6'}

  core-util-is@1.0.3:
    resolution: {integrity: sha512-ZQBvi1DcpJ4GDqanjucZ2Hj3wEO5pZDS89BWbkcrvdxksJorwUDDZamX9ldFkp9aw2lmBDLgkObEA4DWNJ9FYQ==}

  cors@2.8.6:
    resolution: {integrity: sha512-tJtZBBHA6vjIAaF6EnIaq6laBBP9aq/Y3ouVJjEfoHbRBcHBAHYcMh/w8LDrk2PvIMMq8gmopa5D4V8RmbrxGw==}
    engines: {node: '>= 0.10'}

  crosscode-web@https://codeload.github.com/krypciak/crosscode-web/tar.gz/99abd2ae7b33c49169143f3c46d8f3fb04e9a6f3:
    resolution: {gitHosted: true, integrity: sha512-vNJxo3T1HAI1IzrB2vYfJBtre26qcMlOuyXdj/GmOfn+fnDejLiBBMACTxjfIg9JTQH2xDrQJZJwMJzJ5LyGXg==, tarball: https://codeload.github.com/krypciak/crosscode-web/tar.gz/99abd2ae7b33c49169143f3c46d8f3fb04e9a6f3}
    version: 1.0.0

  crossnode@https://codeload.github.com/krypciak/crossnode/tar.gz/d8acec3360438da99316bfa2be67947dfea1d5c3:
    resolution: {gitHosted: true, integrity: sha512-aQUPjxV9f7ellvp2v1+hH1JV/fMdH3dhPKbbN5yi32tRmhKtRs7FXfs/UHYYmo7YbcMfIh1axL6bTpYI2rTrdg==, tarball: https://codeload.github.com/krypciak/crossnode/tar.gz/d8acec3360438da99316bfa2be67947dfea1d5c3}
    version: 1.0.0

  debug@4.4.3:
    resolution: {integrity: sha512-RGwwWnwQvkVfavKVt22FGLw+xYSdzARwm0ru6DhTVA3umU5hZc28V3kO4stgYryrTlLpuvgI9GiijltAjNbcqA==}
    engines: {node: '>=6.0'}
    peerDependencies:
      supports-color: '*'
    peerDependenciesMeta:
      supports-color:
        optional: true

  detect-node@2.1.0:
    resolution: {integrity: sha512-T0NIuQpnTvFDATNuHN5roPwSBG83rFsuO+MXXH9/3N1eFbn4wcPjttvjMLEPWJ0RGUYgQE7cGgS3tNxbqCGM7g==}

  engine.io-client@6.6.5:
    resolution: {integrity: sha512-QCwxUDULPlXv8F6tqMMKx5dNkTe6OaBYRMPYeXKBlyOoKvAmE0ac6pW7fFhSscJ/5SI7666/U/B+MElbsrJlIg==}

  engine.io-parser@5.2.3:
    resolution: {integrity: sha512-HqD3yTBfnBxIrbnM1DoD6Pcq8NECnh8d4As1Qgh0z5Gg3jRRIqijury0CL3ghu/edArpUYiYqQiDUQBIs4np3Q==}
    engines: {node: '>=10.0.0'}

  engine.io@6.6.8:
    resolution: {integrity: sha512-2agL3ueZhqxoVrfmntO8yuVj+uNSlIOnhykYHk3Cq0ShYPdUjjUiSJrQvXjq01I9jAuI0Zl2YO8Evv5Mqytm5g==}
    engines: {node: '>=10.2.0'}

  esbuild@0.27.4:
    resolution: {integrity: sha512-Rq4vbHnYkK5fws5NF7MYTU68FPRE1ajX7heQ/8QXXWqNgqqJ/GkmmyxIzUnf2Sr/bakf8l54716CcMGHYhMrrQ==}
    engines: {node: '>=18'}
    hasBin: true

  fflate@0.8.2:
    resolution: {integrity: sha512-cPJU47OaAoCbg0pBvzsgpTPhmhqI5eJjh/JIu8tPj5q+T7iLvW/JAYUqmE7KOB4R1ZyEhzBaIQpQpardBF5z8A==}

  handle-thing@2.0.1:
    resolution: {integrity: sha512-9Qn4yBxelxoh2Ow62nP+Ka/kMnOXRi8BXnRaUwezLNhqelnN49xKz4F/dPP8OYLxLxq6JDtZb2i9XznUQbNPTg==}

  hpack.js@2.1.6:
    resolution: {integrity: sha512-zJxVehUdMGIKsRaNt7apO2Gqp0BdqW5yaiGHXXmbpvxgBYVZnAql+BJb4RO5ad2MgpbZKn5G6nMnegrH1FcNYQ==}

  http-deceiver@1.2.7:
    resolution: {integrity: sha512-LmpOGxTfbpgtGVxJrj5k7asXHCgNZp5nLfp+hWc8QQRqtb7fUy6kRY3BO1h9ddF6yIPYUARgxGOwB42DnxIaNw==}

  inherits@2.0.4:
    resolution: {integrity: sha512-k/vGaX4/Yla3WzyMCvTQOXYeIHvqOKtnqBduzTHpzpQZzAskKMhZ2K+EnBiSM9zGSoIFeMpXKxa4dYeZIQqewQ==}

  isarray@1.0.0:
    resolution: {integrity: sha512-VLghIWNM6ELQzo7zwmcg0NmTVyWKYjvIeM83yjp0wRDTmUnrM678fQbcKBo6n2CJEF0szoG//ytg+TKla89ALQ==}

  mime-db@1.52.0:
    resolution: {integrity: sha512-sPU4uV7dYlvtWJxwwxHD0PuihVNiE7TyAbQ5SWxDCB9mUYvOgroQOwYQQOKPJ8CIbE+1ETVlOoK1UC2nU3gYvg==}
    engines: {node: '>= 0.6'}

  mime-types@2.1.35:
    resolution: {integrity: sha512-ZDY+bPm5zTTF+YpCrAU9nK0UgICYPT0QtT1NZWFv4s++TNkcgVaT0g6+4R2uI4MjQjzysHB1zxuWL50hzaeXiw==}
    engines: {node: '>= 0.6'}

  minimalistic-assert@1.0.1:
    resolution: {integrity: sha512-UtJcAD4yEaGtjPezWuO9wC4nwUnVH/8/Im3yEHQP4b67cXlD/Qr9hdITCU1xDbSEXg2XKNaP8jsReV7vQd00/A==}

  ms@2.1.3:
    resolution: {integrity: sha512-6FlzubTLZG3J2a/NVCAleEhjzq5oxgHyaCU9yYXvcLsvoVaHJq/s5xXI6/XXP6tz7R9xAOtHnSO/tXtF3WRTlA==}

  nax-ccuilib@https://codeload.github.com/krypciak/nax-ccuilib/tar.gz/4b9abdb4808d49c0df726ef631f4704181830dc9:
    resolution: {gitHosted: true, integrity: sha512-Ztoxv26sv2qqZZWfi5kIAf9q7Qf8Gox/nd31f0Itcl8Imr5MRMe9mVAcdpheGBsd+116iDgMAnGp9Q09xM52PQ==, tarball: https://codeload.github.com/krypciak/nax-ccuilib/tar.gz/4b9abdb4808d49c0df726ef631f4704181830dc9}
    version: 1.5.6

  negotiator@0.6.3:
    resolution: {integrity: sha512-+EUsqGPLsM+j/zdChZjsnX51g4XrHFOIXwfnCVPGlQk/k5giakcKsuxCObBRu6DSm9opw/O6slWbJdghQM4bBg==}
    engines: {node: '>= 0.6'}

  node-bin-setup@1.1.4:
    resolution: {integrity: sha512-vWNHOne0ZUavArqPP5LJta50+S8R261Fr5SvGul37HbEDcowvLjwdvd0ZeSr0r2lTSrPxl6okq9QUw8BFGiAxA==}

  node@25.8.1:
    resolution: {integrity: sha512-AG1iDDN7Uzku6rFQTjfrqZZRjur8YPkO73PnfDfoj5348DQmFACA8D4X8EhvO8ObIntENK5e/aVviy+sFsAbOA==}
    engines: {npm: '>=5.0.0'}
    hasBin: true

  object-assign@4.1.1:
    resolution: {integrity: sha512-rJgTQnkUnH1sFw8yT6VSU3zD3sWmu6sZhIseY8VX+GRu3P6F7Fu+JNDoXfklElbLJSnc3FUQHVe4cU5hj+BcUg==}
    engines: {node: '>=0.10.0'}

  obuf@1.1.2:
    resolution: {integrity: sha512-PX1wu0AmAdPqOL1mWhqmlOd8kOIZQwGZw6rh7uby9fTc5lhaOWFLX3I6R1hrF9k3zUY40e6igsLGkDXK92LJNg==}

  pend@1.2.0:
    resolution: {integrity: sha512-F3asv42UuXchdzt+xXqfW1OGlVBe+mxa2mqI0pg5yAHZPvFmY3Y6drSf/GQ1A86WgWEN9Kzh/WrgKa6iGcHXLg==}

  prettier@3.8.1:
    resolution: {integrity: sha512-UOnG6LftzbdaHZcKoPFtOcCKztrQ57WkHDeRD9t/PTQtmT0NHSeWWepj6pS0z/N7+08BHFDQVUrfmfMRcZwbMg==}
    engines: {node: '>=14'}
    hasBin: true

  process-nextick-args@2.0.1:
    resolution: {integrity: sha512-3ouUOpQhtgrbOa17J7+uxOTpITYWaGP7/AhoR3+A+/1e9skrzelGi/dXzEYyvbxubEF6Wn2ypscTKiKJFFn1ag==}

  readable-stream@2.3.8:
    resolution: {integrity: sha512-8p0AUk4XODgIewSi0l8Epjs+EVnWiK7NoDIEGU0HhE7+ZyY8D1IMY7odu5lRrFXGg71L15KG8QrPmum45RTtdA==}

  readable-stream@3.6.2:
    resolution: {integrity: sha512-9u/sniCrY3D5WdsERHzHE4G2YCXqoG5FTHUiCC4SIbr6XcLZBY05ya9EKjYek9O5xOAwjGq+1JdGBAS7Q9ScoA==}
    engines: {node: '>= 6'}

  safe-buffer@5.1.2:
    resolution: {integrity: sha512-Gd2UZBJDkXlY7GbJxfsE8/nvKkUEU1G38c1siN6QP6a9PT9MmHB8GnpscSmMJSoF8LOIrt8ud/wPtojys4G6+g==}

  safe-buffer@5.2.1:
    resolution: {integrity: sha512-rp3So07KcdmmKbGvgaNxQSJr7bGVSVk5S9Eq1F+ppbRo70+YeaDxkw5Dd8NPN+GD6bjnYm2VuPuCXmpuYvmCXQ==}

  select-hose@2.0.0:
    resolution: {integrity: sha512-mEugaLK+YfkijB4fx0e6kImuJdCIt2LxCRcbEYPqRGCs4F2ogyfZU5IAZRdjCP8JPq2AtdNoC/Dux63d9Kiryg==}

  semver@7.7.4:
    resolution: {integrity: sha512-vFKC2IEtQnVhpT78h1Yp8wzwrf8CM+MzKMHGJZfBtzhZNycRFnXsHk6E5TxIkkMsgNS7mdX3AGB7x2QM2di4lA==}
    engines: {node: '>=10'}
    hasBin: true

  simple-git@3.36.0:
    resolution: {integrity: sha512-cGQjLjK8bxJw4QuYT7gxHw3/IouVESbhahSsHrX97MzCL1gu2u7oy38W6L2ZIGECEfIBG4BabsWDPjBxJENv9Q==}

  socket.io-adapter@2.5.7:
    resolution: {integrity: sha512-e0LyK91f3cUxTmv95/KzoLg47+zF+s/sbxRGDNsyG4dmIP8ZSX8ax6byOxfJXeNNtS/8AZlfD+uP7gBeR7DLlg==}

  socket.io-client@4.8.3:
    resolution: {integrity: sha512-uP0bpjWrjQmUt5DTHq9RuoCBdFJF10cdX9X+a368j/Ft0wmaVgxlrjvK3kjvgCODOMMOz9lcaRzxmso0bTWZ/g==}
    engines: {node: '>=10.0.0'}

  socket.io-parser@4.2.6:
    resolution: {integrity: sha512-asJqbVBDsBCJx0pTqw3WfesSY0iRX+2xzWEWzrpcH7L6fLzrhyF8WPI8UaeM4YCuDfpwA/cgsdugMsmtz8EJeg==}
    engines: {node: '>=10.0.0'}

  socket.io@4.8.3:
    resolution: {integrity: sha512-2Dd78bqzzjE6KPkD5fHZmDAKRNe3J15q+YHDrIsy9WEkqttc7GY+kT9OBLSMaPbQaEd0x1BjcmtMtXkfpc+T5A==}
    engines: {node: '>=10.2.0'}

  spdy-transport@3.0.0:
    resolution: {integrity: sha512-hsLVFE5SjA6TCisWeJXFKniGGOpBgMLmerfO2aCyCU5s7nJ/rpAepqmFifv/GCbSbueEeAJJnmSQ2rKC/g8Fcw==}

  spdy@4.0.2:
    resolution: {integrity: sha512-r46gZQZQV+Kl9oItvl1JZZqJKGr+oEkB08A6BzkiR7593/7IbtuncXHd2YoYeTsG4157ZssMu9KYvUHLcjcDoA==}
    engines: {node: '>=6.0.0'}

  string_decoder@1.1.1:
    resolution: {integrity: sha512-n/ShnvDi6FHbbVfviro+WojiFzv+s8MPMHBczVePfUpDJLwoLT0ht1l4YwBCbi8pJAveEEdnkHyPyTP/mzRfwg==}

  string_decoder@1.3.0:
    resolution: {integrity: sha512-hkRX8U1WjJFd8LsDJ2yQ/wWWxaopEsABU1XfkM8A+j0+85JAGppt16cr1Whg6KIbb4okU6Mql6BOj+uup/wKeA==}

  ts-binarifier@https://codeload.github.com/krypciak/ts-binarifier/tar.gz/6df0eb1d0b26ac511c1d6ab4459f6015ff3a7979:
    resolution: {gitHosted: true, tarball: https://codeload.github.com/krypciak/ts-binarifier/tar.gz/6df0eb1d0b26ac511c1d6ab4459f6015ff3a7979}
    version: 1.0.0

  typescript@6.0.2:
    resolution: {integrity: sha512-bGdAIrZ0wiGDo5l8c++HWtbaNCWTS4UTv7RaTH/ThVIgjkveJt83m74bBHMJkuCbslY8ixgLBVZJIOiQlQTjfQ==}
    engines: {node: '>=14.17'}
    hasBin: true

  ultimate-crosscode-typedefs@https://codeload.github.com/krypciak/ultimate-crosscode-typedefs/tar.gz/2c9f7b26f7056ff80ea45d820e195dbc341037cb:
    resolution: {gitHosted: true, tarball: https://codeload.github.com/krypciak/ultimate-crosscode-typedefs/tar.gz/2c9f7b26f7056ff80ea45d820e195dbc341037cb}
    version: 0.0.1
    engines: {node: '>=10.0.0'}

  undici-types@7.18.2:
    resolution: {integrity: sha512-AsuCzffGHJybSaRrmr5eHr81mwJU3kjw6M+uprWvCXiNeN9SOGwQ3Jn8jb8m3Z6izVgknn1R0FTCEAP2QrLY/w==}

  util-deprecate@1.0.2:
    resolution: {integrity: sha512-EPD5q1uXyFxJpCrLnCc1nHnq3gOa6DZBocAIiI2TaSCA7VCJ1UJDMagCzIkXNsUYfD1daK//LTEQ8xiIbrHtcw==}

  vary@1.1.2:
    resolution: {integrity: sha512-BNGbWLfd0eUPabhkXUVm0j8uuvREyTh5ovRa/dyow/BqAbZJyC+5fU+IzQOzmAKzYqYRAISoRhdQr3eIZ/PXqg==}
    engines: {node: '>= 0.8'}

  wbuf@1.7.3:
    resolution: {integrity: sha512-O84QOnr0icsbFGLS0O3bI5FswxzRr8/gHwWkDlQFskhSPryQXvrTMxjxGP4+iWYoauLoBvfDpkrOauZ+0iZpDA==}

  ws@8.21.0:
    resolution: {integrity: sha512-Vsp28b7DRcimFQvrqu2Wek3z1iYxDCWqHYB8Qsnk/S4RfaCQzPGPyBNuVjJV3cd6UiKtUtp6sNM77gWvzcCH+g==}
    engines: {node: '>=10.0.0'}
    peerDependencies:
      bufferutil: ^4.0.1
      utf-8-validate: '>=5.0.2'
    peerDependenciesMeta:
      bufferutil:
        optional: true
      utf-8-validate:
        optional: true

  xmlhttprequest-ssl@2.1.2:
    resolution: {integrity: sha512-TEU+nJVUUnA4CYJFLvK5X9AOeH4KvDvhIfm0vV1GaQRtchnG0hgK5p8hw/xjv8cunWYCsiPCSDzObPyhEwq3KQ==}
    engines: {node: '>=0.4.0'}

  yauzl@3.3.0:
    resolution: {integrity: sha512-PtGEvEP30p7sbIBJKUBjUnqgTVOyMURc4dLo9iNyAJnNIEz9pm88cCXF21w94Kg3k6RXkeZh5DHOGS0qEONvNQ==}
    engines: {node: '>=12'}

snapshots:

  '@esbuild/aix-ppc64@0.27.4':
    optional: true

  '@esbuild/android-arm64@0.27.4':
    optional: true

  '@esbuild/android-arm@0.27.4':
    optional: true

  '@esbuild/android-x64@0.27.4':
    optional: true

  '@esbuild/darwin-arm64@0.27.4':
    optional: true

  '@esbuild/darwin-x64@0.27.4':
    optional: true

  '@esbuild/freebsd-arm64@0.27.4':
    optional: true

  '@esbuild/freebsd-x64@0.27.4':
    optional: true

  '@esbuild/linux-arm64@0.27.4':
    optional: true

  '@esbuild/linux-arm@0.27.4':
    optional: true

  '@esbuild/linux-ia32@0.27.4':
    optional: true

  '@esbuild/linux-loong64@0.27.4':
    optional: true

  '@esbuild/linux-mips64el@0.27.4':
    optional: true

  '@esbuild/linux-ppc64@0.27.4':
    optional: true

  '@esbuild/linux-riscv64@0.27.4':
    optional: true

  '@esbuild/linux-s390x@0.27.4':
    optional: true

  '@esbuild/linux-x64@0.27.4':
    optional: true

  '@esbuild/netbsd-arm64@0.27.4':
    optional: true

  '@esbuild/netbsd-x64@0.27.4':
    optional: true

  '@esbuild/openbsd-arm64@0.27.4':
    optional: true

  '@esbuild/openbsd-x64@0.27.4':
    optional: true

  '@esbuild/openharmony-arm64@0.27.4':
    optional: true

  '@esbuild/sunos-x64@0.27.4':
    optional: true

  '@esbuild/win32-arm64@0.27.4':
    optional: true

  '@esbuild/win32-ia32@0.27.4':
    optional: true

  '@esbuild/win32-x64@0.27.4':
    optional: true

  '@kwsites/file-exists@1.1.1':
    dependencies:
      debug: 4.4.3
    transitivePeerDependencies:
      - supports-color

  '@kwsites/promise-deferred@1.1.1': {}

  '@oven/bun-darwin-aarch64@1.3.14':
    optional: true

  '@oven/bun-darwin-x64-baseline@1.3.14':
    optional: true

  '@oven/bun-darwin-x64@1.3.14':
    optional: true

  '@oven/bun-freebsd-aarch64@1.3.14':
    optional: true

  '@oven/bun-freebsd-x64@1.3.14':
    optional: true

  '@oven/bun-linux-aarch64-android@1.3.14':
    optional: true

  '@oven/bun-linux-aarch64-musl@1.3.14':
    optional: true

  '@oven/bun-linux-aarch64@1.3.14':
    optional: true

  '@oven/bun-linux-x64-android@1.3.14':
    optional: true

  '@oven/bun-linux-x64-baseline@1.3.14':
    optional: true

  '@oven/bun-linux-x64-musl-baseline@1.3.14':
    optional: true

  '@oven/bun-linux-x64-musl@1.3.14':
    optional: true

  '@oven/bun-linux-x64@1.3.14':
    optional: true

  '@oven/bun-windows-aarch64@1.3.14':
    optional: true

  '@oven/bun-windows-x64-baseline@1.3.14':
    optional: true

  '@oven/bun-windows-x64@1.3.14':
    optional: true

  '@simple-git/args-pathspec@1.0.3': {}

  '@simple-git/argv-parser@1.1.1':
    dependencies:
      '@simple-git/args-pathspec': 1.0.3

  '@socket.io/component-emitter@3.1.2': {}

  '@types/bun@1.3.11':
    dependencies:
      bun-types: 1.3.11

  '@types/chrome@0.1.38':
    dependencies:
      '@types/filesystem': 0.0.36
      '@types/har-format': 1.2.16

  '@types/cors@2.8.19':
    dependencies:
      '@types/node': 25.5.0

  '@types/filesystem@0.0.36':
    dependencies:
      '@types/filewriter': 0.0.33

  '@types/filewriter@0.0.33': {}

  '@types/har-format@1.2.16': {}

  '@types/jquery@1.10.45': {}

  '@types/jquery@4.0.0': {}

  '@types/node@25.5.0':
    dependencies:
      undici-types: 7.18.2

  '@types/semver@6.2.7': {}

  '@types/semver@7.7.1': {}

  '@types/ws@8.18.1':
    dependencies:
      '@types/node': 25.5.0

  accepts@1.3.8:
    dependencies:
      mime-types: 2.1.35
      negotiator: 0.6.3

  base64id@2.0.0: {}

  buffer-crc32@0.2.13: {}

  bun-types@1.3.11:
    dependencies:
      '@types/node': 25.5.0

  bun@1.3.14:
    optionalDependencies:
      '@oven/bun-darwin-aarch64': 1.3.14
      '@oven/bun-darwin-x64': 1.3.14
      '@oven/bun-darwin-x64-baseline': 1.3.14
      '@oven/bun-freebsd-aarch64': 1.3.14
      '@oven/bun-freebsd-x64': 1.3.14
      '@oven/bun-linux-aarch64': 1.3.14
      '@oven/bun-linux-aarch64-android': 1.3.14
      '@oven/bun-linux-aarch64-musl': 1.3.14
      '@oven/bun-linux-x64': 1.3.14
      '@oven/bun-linux-x64-android': 1.3.14
      '@oven/bun-linux-x64-baseline': 1.3.14
      '@oven/bun-linux-x64-musl': 1.3.14
      '@oven/bun-linux-x64-musl-baseline': 1.3.14
      '@oven/bun-windows-aarch64': 1.3.14
      '@oven/bun-windows-x64': 1.3.14
      '@oven/bun-windows-x64-baseline': 1.3.14

  cc-instanceinator@https://codeload.github.com/krypciak/cc-instanceinator/tar.gz/eef34e9649fcb266319a4245aa8cf40ddf10f3bc: {}

  cc-jetpack-widget@https://codeload.github.com/krypciak/cc-jetpack-widget/tar.gz/1d0c917aeca2bbf7d23e45d0589df17ce9f8c01a: {}

  cc-krypek-lib@https://codeload.github.com/krypciak/cc-krypek-lib/tar.gz/fc159dfcd3808add6d93851857c07ee4eb5df9c6: {}

  cc-variable-charge-time@https://codeload.github.com/krypciak/cc-variable-charge-time/tar.gz/f1bc429a01fb0aa1684252218ec12b81a09894fb: {}

  ccmoddb@https://codeload.github.com/CCDirectLink/CCModDB/tar.gz/02a6592136067e64bcb81252392797fc48388944:
    dependencies:
      '@types/semver': 7.7.1
      bun: 1.3.14
      semver: 7.7.4
      simple-git: 3.36.0
      yauzl: 3.3.0
    transitivePeerDependencies:
      - supports-color

  ccmodmanager@https://codeload.github.com/CCDirectLink/CCModManager/tar.gz/bf3cbe1443ca5b95267a460a8cf1780b35aafd2a: {}

  cookie@0.7.2: {}

  core-util-is@1.0.3: {}

  cors@2.8.6:
    dependencies:
      object-assign: 4.1.1
      vary: 1.1.2

  crosscode-web@https://codeload.github.com/krypciak/crosscode-web/tar.gz/99abd2ae7b33c49169143f3c46d8f3fb04e9a6f3: {}

  crossnode@https://codeload.github.com/krypciak/crossnode/tar.gz/d8acec3360438da99316bfa2be67947dfea1d5c3: {}

  debug@4.4.3:
    dependencies:
      ms: 2.1.3

  detect-node@2.1.0: {}

  engine.io-client@6.6.5:
    dependencies:
      '@socket.io/component-emitter': 3.1.2
      debug: 4.4.3
      engine.io-parser: 5.2.3
      ws: 8.21.0
      xmlhttprequest-ssl: 2.1.2
    transitivePeerDependencies:
      - bufferutil
      - supports-color
      - utf-8-validate

  engine.io-parser@5.2.3: {}

  engine.io@6.6.8:
    dependencies:
      '@types/cors': 2.8.19
      '@types/node': 25.5.0
      '@types/ws': 8.18.1
      accepts: 1.3.8
      base64id: 2.0.0
      cookie: 0.7.2
      cors: 2.8.6
      debug: 4.4.3
      engine.io-parser: 5.2.3
      ws: 8.21.0
    transitivePeerDependencies:
      - bufferutil
      - supports-color
      - utf-8-validate

  esbuild@0.27.4:
    optionalDependencies:
      '@esbuild/aix-ppc64': 0.27.4
      '@esbuild/android-arm': 0.27.4
      '@esbuild/android-arm64': 0.27.4
      '@esbuild/android-x64': 0.27.4
      '@esbuild/darwin-arm64': 0.27.4
      '@esbuild/darwin-x64': 0.27.4
      '@esbuild/freebsd-arm64': 0.27.4
      '@esbuild/freebsd-x64': 0.27.4
      '@esbuild/linux-arm': 0.27.4
      '@esbuild/linux-arm64': 0.27.4
      '@esbuild/linux-ia32': 0.27.4
      '@esbuild/linux-loong64': 0.27.4
      '@esbuild/linux-mips64el': 0.27.4
      '@esbuild/linux-ppc64': 0.27.4
      '@esbuild/linux-riscv64': 0.27.4
      '@esbuild/linux-s390x': 0.27.4
      '@esbuild/linux-x64': 0.27.4
      '@esbuild/netbsd-arm64': 0.27.4
      '@esbuild/netbsd-x64': 0.27.4
      '@esbuild/openbsd-arm64': 0.27.4
      '@esbuild/openbsd-x64': 0.27.4
      '@esbuild/openharmony-arm64': 0.27.4
      '@esbuild/sunos-x64': 0.27.4
      '@esbuild/win32-arm64': 0.27.4
      '@esbuild/win32-ia32': 0.27.4
      '@esbuild/win32-x64': 0.27.4

  fflate@0.8.2: {}

  handle-thing@2.0.1: {}

  hpack.js@2.1.6:
    dependencies:
      inherits: 2.0.4
      obuf: 1.1.2
      readable-stream: 2.3.8
      wbuf: 1.7.3

  http-deceiver@1.2.7: {}

  inherits@2.0.4: {}

  isarray@1.0.0: {}

  mime-db@1.52.0: {}

  mime-types@2.1.35:
    dependencies:
      mime-db: 1.52.0

  minimalistic-assert@1.0.1: {}

  ms@2.1.3: {}

  nax-ccuilib@https://codeload.github.com/krypciak/nax-ccuilib/tar.gz/4b9abdb4808d49c0df726ef631f4704181830dc9: {}

  negotiator@0.6.3: {}

  node-bin-setup@1.1.4: {}

  node@25.8.1:
    dependencies:
      node-bin-setup: 1.1.4

  object-assign@4.1.1: {}

  obuf@1.1.2: {}

  pend@1.2.0: {}

  prettier@3.8.1: {}

  process-nextick-args@2.0.1: {}

  readable-stream@2.3.8:
    dependencies:
      core-util-is: 1.0.3
      inherits: 2.0.4
      isarray: 1.0.0
      process-nextick-args: 2.0.1
      safe-buffer: 5.1.2
      string_decoder: 1.1.1
      util-deprecate: 1.0.2

  readable-stream@3.6.2:
    dependencies:
      inherits: 2.0.4
      string_decoder: 1.3.0
      util-deprecate: 1.0.2

  safe-buffer@5.1.2: {}

  safe-buffer@5.2.1: {}

  select-hose@2.0.0: {}

  semver@7.7.4: {}

  simple-git@3.36.0:
    dependencies:
      '@kwsites/file-exists': 1.1.1
      '@kwsites/promise-deferred': 1.1.1
      '@simple-git/args-pathspec': 1.0.3
      '@simple-git/argv-parser': 1.1.1
      debug: 4.4.3
    transitivePeerDependencies:
      - supports-color

  socket.io-adapter@2.5.7:
    dependencies:
      debug: 4.4.3
      ws: 8.21.0
    transitivePeerDependencies:
      - bufferutil
      - supports-color
      - utf-8-validate

  socket.io-client@4.8.3:
    dependencies:
      '@socket.io/component-emitter': 3.1.2
      debug: 4.4.3
      engine.io-client: 6.6.5
      socket.io-parser: 4.2.6
    transitivePeerDependencies:
      - bufferutil
      - supports-color
      - utf-8-validate

  socket.io-parser@4.2.6:
    dependencies:
      '@socket.io/component-emitter': 3.1.2
      debug: 4.4.3
    transitivePeerDependencies:
      - supports-color

  socket.io@4.8.3:
    dependencies:
      accepts: 1.3.8
      base64id: 2.0.0
      cors: 2.8.6
      debug: 4.4.3
      engine.io: 6.6.8
      socket.io-adapter: 2.5.7
      socket.io-parser: 4.2.6
    transitivePeerDependencies:
      - bufferutil
      - supports-color
      - utf-8-validate

  spdy-transport@3.0.0:
    dependencies:
      debug: 4.4.3
      detect-node: 2.1.0
      hpack.js: 2.1.6
      obuf: 1.1.2
      readable-stream: 3.6.2
      wbuf: 1.7.3
    transitivePeerDependencies:
      - supports-color

  spdy@4.0.2:
    dependencies:
      debug: 4.4.3
      handle-thing: 2.0.1
      http-deceiver: 1.2.7
      select-hose: 2.0.0
      spdy-transport: 3.0.0
    transitivePeerDependencies:
      - supports-color

  string_decoder@1.1.1:
    dependencies:
      safe-buffer: 5.1.2

  string_decoder@1.3.0:
    dependencies:
      safe-buffer: 5.2.1

  ts-binarifier@https://codeload.github.com/krypciak/ts-binarifier/tar.gz/6df0eb1d0b26ac511c1d6ab4459f6015ff3a7979: {}

  typescript@6.0.2: {}

  ultimate-crosscode-typedefs@https://codeload.github.com/krypciak/ultimate-crosscode-typedefs/tar.gz/2c9f7b26f7056ff80ea45d820e195dbc341037cb:
    dependencies:
      '@types/jquery': 1.10.45
      '@types/node': 25.5.0
      '@types/semver': 6.2.7

  undici-types@7.18.2: {}

  util-deprecate@1.0.2: {}

  vary@1.1.2: {}

  wbuf@1.7.3:
    dependencies:
      minimalistic-assert: 1.0.1

  ws@8.21.0: {}

  xmlhttprequest-ssl@2.1.2: {}

  yauzl@3.3.0:
    dependencies:
      buffer-crc32: 0.2.13
      pend: 1.2.0
